// !$*UTF8*$!
{
	archiveVersion = 1;
	classes = {
	};
	objectVersion = 46;
	objects = {

/* Begin PBXBuildFile section */
		CBC51A501C9FCE31008EDE25 /* main.m in Sources */ = {isa = PBXBuildFile; fileRef = CBC51A4F1C9FCE31008EDE25 /* main.m */; };
		CBC51A531C9FCE31008EDE25 /* AppDelegate.m in Sources */ = {isa = PBXBuildFile; fileRef = CBC51A521C9FCE31008EDE25 /* AppDelegate.m */; };
		CBC51A561C9FCE31008EDE25 /* ViewController.m in Sources */ = {isa = PBXBuildFile; fileRef = CBC51A551C9FCE31008EDE25 /* ViewController.m */; };
		CBC51A591C9FCE31008EDE25 /* Main.storyboard in Resources */ = {isa = PBXBuildFile; fileRef = CBC51A571C9FCE31008EDE25 /* Main.storyboard */; };
		CBC51A5B1C9FCE31008EDE25 /* Assets.xcassets in Resources */ = {isa = PBXBuildFile; fileRef = CBC51A5A1C9FCE31008EDE25 /* Assets.xcassets */; };
		CBC51A5E1C9FCE31008EDE25 /* LaunchScreen.storyboard in Resources */ = {isa = PBXBuildFile; fileRef = CBC51A5C1C9FCE31008EDE25 /* LaunchScreen.storyboard */; };
		CBC51A691C9FCE31008EDE25 /* LZTestLoadAndInitializeTests.m in Sources */ = {isa = PBXBuildFile; fileRef = CBC51A681C9FCE31008EDE25 /* LZTestLoadAndInitializeTests.m */; };
		CBC51A741C9FCE31008EDE25 /* LZTestLoadAndInitializeUITests.m in Sources */ = {isa = PBXBuildFile; fileRef = CBC51A731C9FCE31008EDE25 /* LZTestLoadAndInitializeUITests.m */; };
		CBC51A831C9FCE58008EDE25 /* LZClassA.m in Sources */ = {isa = PBXBuildFile; fileRef = CBC51A821C9FCE58008EDE25 /* LZClassA.m */; };
		CBC51A861C9FCEBD008EDE25 /* LZClassB.m in Sources */ = {isa = PBXBuildFile; fileRef = CBC51A851C9FCEBD008EDE25 /* LZClassB.m */; };
/* End PBXBuildFile section */

/* Begin PBXContainerItemProxy section */
		CBC51A651C9FCE31008EDE25 /* PBXContainerItemProxy */ = {
			isa = PBXContainerItemProxy;
			containerPortal = CBC51A431C9FCE31008EDE25 /* Project object */;
			proxyType = 1;
			remoteGlobalIDString = CBC51A4A1C9FCE31008EDE25;
			remoteInfo = LZTestLoadAndInitialize;
		};
		CBC51A701C9FCE31008EDE25 /* PBXContainerItemProxy */ = {
			isa = PBXContainerItemProxy;
			containerPortal = CBC51A431C9FCE31008EDE25 /* Project object */;
			proxyType = 1;
			remoteGlobalIDString = CBC51A4A1C9FCE31008EDE25;
			remoteInfo = LZTestLoadAndInitialize;
		};
/* End PBXContainerItemProxy section */

/* Begin PBXFileReference section */
		CBC51A4B1C9FCE31008EDE25 /* LZTestLoadAndInitialize.app */ = {isa = PBXFileReference; explicitFileType = wrapper.application; includeInIndex = 0; path = LZTestLoadAndInitialize.app; sourceTree = BUILT_PRODUCTS_DIR; };
		CBC51A4F1C9FCE31008EDE25 /* main.m */ = {isa = PBXFileReference; lastKnownFileType = sourcecode.c.objc; path = main.m; sourceTree = "<group>"; };
		CBC51A511C9FCE31008EDE25 /* AppDelegate.h */ = {isa = PBXFileReference; lastKnownFileType = sourcecode.c.h; path = AppDelegate.h; sourceTree = "<group>"; };
		CBC51A521C9FCE31008EDE25 /* AppDelegate.m */ = {isa = PBXFileReference; lastKnownFileType = sourcecode.c.objc; path = AppDelegate.m; sourceTree = "<group>"; };
		CBC51A541C9FCE31008EDE25 /* ViewController.h */ = {isa = PBXFileReference; lastKnownFileType = sourcecode.c.h; path = ViewController.h; sourceTree = "<group>"; };
		CBC51A551C9FCE31008EDE25 /* ViewController.m */ = {isa = PBXFileReference; lastKnownFileType = sourcecode.c.objc; path = ViewController.m; sourceTree = "<group>"; };
		CBC51A581C9FCE31008EDE25 /* Base */ = {isa = PBXFileReference; lastKnownFileType = file.storyboard; name = Base; path = Base.lproj/Main.storyboard; sourceTree = "<group>"; };
		CBC51A5A1C9FCE31008EDE25 /* Assets.xcassets */ = {isa = PBXFileReference; lastKnownFileType = folder.assetcatalog; path = Assets.xcassets; sourceTree = "<group>"; };
		CBC51A5D1C9FCE31008EDE25 /* Base */ = {isa = PBXFileReference; lastKnownFileType = file.storyboard; name = Base; path = Base.lproj/LaunchScreen.storyboard; sourceTree = "<group>"; };
		CBC51A5F1C9FCE31008EDE25 /* Info.plist */ = {isa = PBXFileReference; lastKnownFileType = text.plist.xml; path = Info.plist; sourceTree = "<group>"; };
		CBC51A641C9FCE31008EDE25 /* LZTestLoadAndInitializeTests.xctest */ = {isa = PBXFileReference; explicitFileType = wrapper.cfbundle; includeInIndex = 0; path = LZTestLoadAndInitializeTests.xctest; sourceTree = BUILT_PRODUCTS_DIR; };
		CBC51A681C9FCE31008EDE25 /* LZTestLoadAndInitializeTests.m */ = {isa = PBXFileReference; lastKnownFileType = sourcecode.c.objc; path = LZTestLoadAndInitializeTests.m; sourceTree = "<group>"; };
		CBC51A6A1C9FCE31008EDE25 /* Info.plist */ = {isa = PBXFileReference; lastKnownFileType = text.plist.xml; path = Info.plist; sourceTree = "<group>"; };
		CBC51A6F1C9FCE31008EDE25 /* LZTestLoadAndInitializeUITests.xctest */ = {isa = PBXFileReference; explicitFileType = wrapper.cfbundle; includeInIndex = 0; path = LZTestLoadAndInitializeUITests.xctest; sourceTree = BUILT_PRODUCTS_DIR; };
		CBC51A731C9FCE31008EDE25 /* LZTestLoadAndInitializeUITests.m */ = {isa = PBXFileReference; lastKnownFileType = sourcecode.c.objc; path = LZTestLoadAndInitializeUITests.m; sourceTree = "<group>"; };
		CBC51A751C9FCE31008EDE25 /* Info.plist */ = {isa = PBXFileReference; lastKnownFileType = text.plist.xml; path = Info.plist; sourceTree = "<group>"; };
		CBC51A811C9FCE58008EDE25 /* LZClassA.h */ = {isa = PBXFileReference; fileEncoding = 4; lastKnownFileType = sourcecode.c.h; path = LZClassA.h; sourceTree = "<group>"; };
		CBC51A821C9FCE58008EDE25 /* LZClassA.m */ = {isa = PBXFileReference; fileEncoding = 4; lastKnownFileType = sourcecode.c.objc; path = LZClassA.m; sourceTree = "<group>"; };
		CBC51A841C9FCEBD008EDE25 /* LZClassB.h */ = {isa = PBXFileReference; fileEncoding = 4; lastKnownFileType = sourcecode.c.h; path = LZClassB.h; sourceTree = "<group>"; };
		CBC51A851C9FCEBD008EDE25 /* LZClassB.m */ = {isa = PBXFileReference; fileEncoding = 4; lastKnownFileType = sourcecode.c.objc; path = LZClassB.m; sourceTree = "<group>"; };
/* End PBXFileReference section */

/* Begin PBXFrameworksBuildPhase section */
		CBC51A481C9FCE31008EDE25 /* Frameworks */ = {
			isa = PBXFrameworksBuildPhase;
			buildActionMask = 2147483647;
			files = (
			);
			runOnlyForDeploymentPostprocessing = 0;
		};
		CBC51A611C9FCE31008EDE25 /* Frameworks */ = {
			isa = PBXFrameworksBuildPhase;
			buildActionMask = 2147483647;
			files = (
			);
			runOnlyForDeploymentPostprocessing = 0;
		};
		CBC51A6C1C9FCE31008EDE25 /* Frameworks */ = {
			isa = PBXFrameworksBuildPhase;
			buildActionMask = 2147483647;
			files = (
			);
			runOnlyForDeploymentPostprocessing = 0;
		};
/* End PBXFrameworksBuildPhase section */

/* Begin PBXGroup section */
		CBC51A421C9FCE31008EDE25 = {
			isa = PBXGroup;
			children = (
				CBC51A4D1C9FCE31008EDE25 /* LZTestLoadAndInitialize */,
				CBC51A671C9FCE31008EDE25 /* LZTestLoadAndInitializeTests */,
				CBC51A721C9FCE31008EDE25 /* LZTestLoadAndInitializeUITests */,
				CBC51A4C1C9FCE31008EDE25 /* Products */,
			);
			sourceTree = "<group>";
		};
		CBC51A4C1C9FCE31008EDE25 /* Products */ = {
			isa = PBXGroup;
			children = (
				CBC51A4B1C9FCE31008EDE25 /* LZTestLoadAndInitialize.app */,
				CBC51A641C9FCE31008EDE25 /* LZTestLoadAndInitializeTests.xctest */,
				CBC51A6F1C9FCE31008EDE25 /* LZTestLoadAndInitializeUITests.xctest */,
			);
			name = Products;
			sourceTree = "<group>";
		};
		CBC51A4D1C9FCE31008EDE25 /* LZTestLoadAndInitialize */ = {
			isa = PBXGroup;
			children = (
				CBC51A511C9FCE31008EDE25 /* AppDelegate.h */,
				CBC51A521C9FCE31008EDE25 /* AppDelegate.m */,
				CBC51A541C9FCE31008EDE25 /* ViewController.h */,
				CBC51A551C9FCE31008EDE25 /* ViewController.m */,
				CBC51A571C9FCE31008EDE25 /* Main.storyboard */,
				CBC51A5A1C9FCE31008EDE25 /* Assets.xcassets */,
				CBC51A5C1C9FCE31008EDE25 /* LaunchScreen.storyboard */,
				CBC51A5F1C9FCE31008EDE25 /* Info.plist */,
				CBC51A4E1C9FCE31008EDE25 /* Supporting Files */,
				CBC51A811C9FCE58008EDE25 /* LZClassA.h */,
				CBC51A821C9FCE58008EDE25 /* LZClassA.m */,
				CBC51A841C9FCEBD008EDE25 /* LZClassB.h */,
				CBC51A851C9FCEBD008EDE25 /* LZClassB.m */,
			);
			path = LZTestLoadAndInitialize;
			sourceTree = "<group>";
		};
		CBC51A4E1C9FCE31008EDE25 /* Supporting Files */ = {
			isa = PBXGroup;
			children = (
				CBC51A4F1C9FCE31008EDE25 /* main.m */,
			);
			name = "Supporting Files";
			sourceTree = "<group>";
		};
		CBC51A671C9FCE31008EDE25 /* LZTestLoadAndInitializeTests */ = {
			isa = PBXGroup;
			children = (
				CBC51A681C9FCE31008EDE25 /* LZTestLoadAndInitializeTests.m */,
				CBC51A6A1C9FCE31008EDE25 /* Info.plist */,
			);
			path = LZTestLoadAndInitializeTests;
			sourceTree = "<group>";
		};
		CBC51A721C9FCE31008EDE25 /* LZTestLoadAndInitializeUITests */ = {
			isa = PBXGroup;
			children = (
				CBC51A731C9FCE31008EDE25 /* LZTestLoadAndInitializeUITests.m */,
				CBC51A751C9FCE31008EDE25 /* Info.plist */,
			);
			path = LZTestLoadAndInitializeUITests;
			sourceTree = "<group>";
		};
/* End PBXGroup section */

/* Begin PBXNativeTarget section */
		CBC51A4A1C9FCE31008EDE25 /* LZTestLoadAndInitialize */ = {
			isa = PBXNativeTarget;
			buildConfigurationList = CBC51A781C9FCE31008EDE25 /* Build configuration list for PBXNativeTarget "LZTestLoadAndInitialize" */;
			buildPhases = (
				CBC51A471C9FCE31008EDE25 /* Sources */,
				CBC51A481C9FCE31008EDE25 /* Frameworks */,
				CBC51A491C9FCE31008EDE25 /* Resources */,
			);
			buildRules = (
			);
			dependencies = (
			);
			name = LZTestLoadAndInitialize;
			productName = LZTestLoadAndInitialize;
			productReference = CBC51A4B1C9FCE31008EDE25 /* LZTestLoadAndInitialize.app */;
			productType = "com.apple.product-type.application";
		};
		CBC51A631C9FCE31008EDE25 /* LZTestLoadAndInitializeTests */ = {
			isa = PBXNativeTarget;
			buildConfigurationList = CBC51A7B1C9FCE31008EDE25 /* Build configuration list for PBXNativeTarget "LZTestLoadAndInitializeTests" */;
			buildPhases = (
				CBC51A601C9FCE31008EDE25 /* Sources */,
				CBC51A611C9FCE31008EDE25 /* Frameworks */,
				CBC51A621C9FCE31008EDE25 /* Resources */,
			);
			buildRules = (
			);
			dependencies = (
				CBC51A661C9FCE31008EDE25 /* PBXTargetDependency */,
			);
			name = LZTestLoadAndInitializeTests;
			productName = LZTestLoadAndInitializeTests;
			productReference = CBC51A641C9FCE31008EDE25 /* LZTestLoadAndInitializeTests.xctest */;
			productType = "com.apple.product-type.bundle.unit-test";
		};
		CBC51A6E1C9FCE31008EDE25 /* LZTestLoadAndInitializeUITests */ = {
			isa = PBXNativeTarget;
			buildConfigurationList = CBC51A7E1C9FCE31008EDE25 /* Build configuration list for PBXNativeTarget "LZTestLoadAndInitializeUITests" */;
			buildPhases = (
				CBC51A6B1C9FCE31008EDE25 /* Sources */,
				CBC51A6C1C9FCE31008EDE25 /* Frameworks */,
				CBC51A6D1C9FCE31008EDE25 /* Resources */,
			);
			buildRules = (
			);
			dependencies = (
				CBC51A711C9FCE31008EDE25 /* PBXTargetDependency */,
			);
			name = LZTestLoadAndInitializeUITests;
			productName = LZTestLoadAndInitializeUITests;
			productReference = CBC51A6F1C9FCE31008EDE25 /* LZTestLoadAndInitializeUITests.xctest */;
			productType = "com.apple.product-type.bundle.ui-testing";
		};
/* End PBXNativeTarget section */

/* Begin PBXProject section */
		CBC51A431C9FCE31008EDE25 /* Project object */ = {
			isa = PBXProject;
			attributes = {
				LastUpgradeCheck = 0720;
				ORGANIZATIONNAME = com.comst1314;
				TargetAttributes = {
					CBC51A4A1C9FCE31008EDE25 = {
						CreatedOnToolsVersion = 7.2;
					};
					CBC51A631C9FCE31008EDE25 = {
						CreatedOnToolsVersion = 7.2;
						TestTargetID = CBC51A4A1C9FCE31008EDE25;
					};
					CBC51A6E1C9FCE31008EDE25 = {
						CreatedOnToolsVersion = 7.2;
						TestTargetID = CBC51A4A1C9FCE31008EDE25;
					};
				};
			};
			buildConfigurationList = CBC51A461C9FCE31008EDE25 /* Build configuration list for PBXProject "LZTestLoadAndInitialize" */;
			compatibilityVersion = "Xcode 3.2";
			developmentRegion = English;
			hasScannedForEncodings = 0;
			knownRegions = (
				en,
				Base,
			);
			mainGroup = CBC51A421C9FCE31008EDE25;
			productRefGroup = CBC51A4C1C9FCE31008EDE25 /* Products */;
			projectDirPath = "";
			projectRoot = "";
			targets = (
				CBC51A4A1C9FCE31008EDE25 /* LZTestLoadAndInitialize */,
				CBC51A631C9FCE31008EDE25 /* LZTestLoadAndInitializeTests */,
				CBC51A6E1C9FCE31008EDE25 /* LZTestLoadAndInitializeUITests */,
			);
		};
/* End PBXProject section */

/* Begin PBXResourcesBuildPhase section */
		CBC51A491C9FCE31008EDE25 /* Resources */ = {
			isa = PBXResourcesBuildPhase;
			buildActionMask = 2147483647;
			files = (
				CBC51A5E1C9FCE31008EDE25 /* LaunchScreen.storyboard in Resources */,
				CBC51A5B1C9FCE31008EDE25 /* Assets.xcassets in Resources */,
				CBC51A591C9FCE31008EDE25 /* Main.storyboard in Resources */,
			);
			runOnlyForDeploymentPostprocessing = 0;
		};
		CBC51A621C9FCE31008EDE25 /* Resources */ = {
			isa = PBXResourcesBuildPhase;
			buildActionMask = 2147483647;
			files = (
			);
			runOnlyForDeploymentPostprocessing = 0;
		};
		CBC51A6D1C9FCE31008EDE25 /* Resources */ = {
			isa = PBXResourcesBuildPhase;
			buildActionMask = 2147483647;
			files = (
			);
			runOnlyForDeploymentPostprocessing = 0;
		};
/* End PBXResourcesBuildPhase section */

/* Begin PBXSourcesBuildPhase section */
		CBC51A471C9FCE31008EDE25 /* Sources */ = {
			isa = PBXSourcesBuildPhase;
			buildActionMask = 2147483647;
			files = (
				CBC51A561C9FCE31008EDE25 /* ViewController.m in Sources */,
				CBC51A531C9FCE31008EDE25 /* AppDelegate.m in Sources */,
				CBC51A861C9FCEBD008EDE25 /* LZClassB.m in Sources */,
				CBC51A831C9FCE58008EDE25 /* LZClassA.m in Sources */,
				CBC51A501C9FCE31008EDE25 /* main.m in Sources */,
			);
			runOnlyForDeploymentPostprocessing = 0;
		};
		CBC51A601C9FCE31008EDE25 /* Sources */ = {
			isa = PBXSourcesBuildPhase;
			buildActionMask = 2147483647;
			files = (
				CBC51A691C9FCE31008EDE25 /* LZTestLoadAndInitializeTests.m in Sources */,
			);
			runOnlyForDeploymentPostprocessing = 0;
		};
		CBC51A6B1C9FCE31008EDE25 /* Sources */ = {
			isa = PBXSourcesBuildPhase;
			buildActionMask = 2147483647;
			files = (
				CBC51A741C9FCE31008EDE25 /* LZTestLoadAndInitializeUITests.m in Sources */,
			);
			runOnlyForDeploymentPostprocessing = 0;
		};
/* End PBXSourcesBuildPhase section */

/* Begin PBXTargetDependency section */
		CBC51A661C9FCE31008EDE25 /* PBXTargetDependency */ = {
			isa = PBXTargetDependency;
			target = CBC51A4A1C9FCE31008EDE25 /* LZTestLoadAndInitialize */;
			targetProxy = CBC51A651C9FCE31008EDE25 /* PBXContainerItemProxy */;
		};
		CBC51A711C9FCE31008EDE25 /* PBXTargetDependency */ = {
			isa = PBXTargetDependency;
			target = CBC51A4A1C9FCE31008EDE25 /* LZTestLoadAndInitialize */;
			targetProxy = CBC51A701C9FCE31008EDE25 /* PBXContainerItemProxy */;
		};
/* End PBXTargetDependency section */

/* Begin PBXVariantGroup section */
		CBC51A571C9FCE31008EDE25 /* Main.storyboard */ = {
			isa = PBXVariantGroup;
			children = (
				CBC51A581C9FCE31008EDE25 /* Base */,
			);
			name = Main.storyboard;
			sourceTree = "<group>";
		};
		CBC51A5C1C9FCE31008EDE25 /* LaunchScreen.storyboard */ = {
			isa = PBXVariantGroup;
			children = (
				CBC51A5D1C9FCE31008EDE25 /* Base */,
			);
			name = LaunchScreen.storyboard;
			sourceTree = "<group>";
		};
/* End PBXVariantGroup section */

/* Begin XCBuildConfiguration section */
		CBC51A761C9FCE31008EDE25 /* Debug */ = {
			isa = XCBuildConfiguration;
			buildSettings = {
				ALWAYS_SEARCH_USER_PATHS = NO;
				CLANG_CXX_LANGUAGE_STANDARD = "gnu++0x";
				CLANG_CXX_LIBRARY = "libc++";
				CLANG_ENABLE_MODULES = YES;
				CLANG_ENABLE_OBJC_ARC = YES;
				CLANG_WARN_BOOL_CONVERSION = YES;
				CLANG_WARN_CONSTANT_CONVERSION = YES;
				CLANG_WARN_DIRECT_OBJC_ISA_USAGE = YES_ERROR;
				CLANG_WARN_EMPTY_BODY = YES;
				CLANG_WARN_ENUM_CONVERSION = YES;
				CLANG_WARN_INT_CONVERSION = YES;
				CLANG_WARN_OBJC_ROOT_CLASS = YES_ERROR;
				CLANG_WARN_UNREACHABLE_CODE = YES;
				CLANG_WARN__DUPLICATE_METHOD_MATCH = YES;
				"CODE_SIGN_IDENTITY[sdk=iphoneos*]" = "iPhone Developer";
				COPY_PHASE_STRIP = NO;
				DEBUG_INFORMATION_FORMAT = dwarf;
				ENABLE_STRICT_OBJC_MSGSEND = YES;
				ENABLE_TESTABILITY = YES;
				GCC_C_LANGUAGE_STANDARD = gnu99;
				GCC_DYNAMIC_NO_PIC = NO;
				GCC_NO_COMMON_BLOCKS = YES;
				GCC_OPTIMIZATION_LEVEL = 0;
				GCC_PREPROCESSOR_DEFINITIONS = (
					"DEBUG=1",
					"$(inherited)",
				);
				GCC_WARN_64_TO_32_BIT_CONVERSION = YES;
				GCC_WARN_ABOUT_RETURN_TYPE = YES_ERROR;
				GCC_WARN_UNDECLARED_SELECTOR = YES;
				GCC_WARN_UNINITIALIZED_AUTOS = YES_AGGRESSIVE;
				GCC_WARN_UNUSED_FUNCTION = YES;
				GCC_WARN_UNUSED_VARIABLE = YES;
				IPHONEOS_DEPLOYMENT_TARGET = 9.2;
				MTL_ENABLE_DEBUG_INFO = YES;
				ONLY_ACTIVE_ARCH = YES;
				SDKROOT = iphoneos;
			};
			name = Debug;
		};
		CBC51A771C9FCE31008EDE25 /* Release */ = {
			isa = XCBuildConfiguration;
			buildSettings = {
				ALWAYS_SEARCH_USER_PATHS = NO;
				CLANG_CXX_LANGUAGE_STANDARD = "gnu++0x";
				CLANG_CXX_LIBRARY = "libc++";
				CLANG_ENABLE_MODULES = YES;
				CLANG_ENABLE_OBJC_ARC = YES;
				CLANG_WARN_BOOL_CONVERSION = YES;
				CLANG_WARN_CONSTANT_CONVERSION = YES;
				CLANG_WARN_DIRECT_OBJC_ISA_USAGE = YES_ERROR;
				CLANG_WARN_EMPTY_BODY = YES;
				CLANG_WARN_ENUM_CONVERSION = YES;
				CLANG_WARN_INT_CONVERSION = YES;
				CLANG_WARN_OBJC_ROOT_CLASS = YES_ERROR;
				CLANG_WARN_UNREACHABLE_CODE = YES;
				CLANG_WARN__DUPLICATE_METHOD_MATCH = YES;
				"CODE_SIGN_IDENTITY[sdk=iphoneos*]" = "iPhone Developer";
				COPY_PHASE_STRIP = NO;
				DEBUG_INFORMATION_FORMAT = "dwarf-with-dsym";
				ENABLE_NS_ASSERTIONS = NO;
				ENABLE_STRICT_OBJC_MSGSEND = YES;
				GCC_C_LANGUAGE_STANDARD = gnu99;
				GCC_NO_COMMON_BLOCKS = YES;
				GCC_WARN_64_TO_32_BIT_CONVERSION = YES;
				GCC_WARN_ABOUT_RETURN_TYPE = YES_ERROR;
				GCC_WARN_UNDECLARED_SELECTOR = YES;
				GCC_WARN_UNINITIALIZED_AUTOS = YES_AGGRESSIVE;
				GCC_WARN_UNUSED_FUNCTION = YES;
				GCC_WARN_UNUSED_VARIABLE = YES;
				IPHONEOS_DEPLOYMENT_TARGET = 9.2;
				MTL_ENABLE_DEBUG_INFO = NO;
				SDKROOT = iphoneos;
				VALIDATE_PRODUCT = YES;
			};
			name = Release;
		};
		CBC51A791C9FCE31008EDE25 /* Debug */ = {
			isa = XCBuildConfiguration;
			buildSettings = {
				ASSETCATALOG_COMPILER_APPICON_NAME = AppIcon;
				INFOPLIST_FILE = LZTestLoadAndInitialize/Info.plist;
				LD_RUNPATH_SEARCH_PATHS = "$(inherited) @executable_path/Frameworks";
				PRODUCT_BUNDLE_IDENTIFIER = com.comst1314.LZTestLoadAndInitialize;
				PRODUCT_NAME = "$(TARGET_NAME)";
			};
			name = Debug;
		};
		CBC51A7A1C9FCE31008EDE25 /* Release */ = {
			isa = XCBuildConfiguration;
			buildSettings = {
				ASSETCATALOG_COMPILER_APPICON_NAME = AppIcon;
				INFOPLIST_FILE = LZTestLoadAndInitialize/Info.plist;
				LD_RUNPATH_SEARCH_PATHS = "$(inherited) @executable_path/Frameworks";
				PRODUCT_BUNDLE_IDENTIFIER = com.comst1314.LZTestLoadAndInitialize;
				PRODUCT_NAME = "$(TARGET_NAME)";
			};
			name = Release;
		};
		CBC51A7C1C9FCE31008EDE25 /* Debug */ = {
			isa = XCBuildConfiguration;
			buildSettings = {
				BUNDLE_LOADER = "$(TEST_HOST)";
				INFOPLIST_FILE = LZTestLoadAndInitializeTests/Info.plist;
				LD_RUNPATH_SEARCH_PATHS = "$(inherited) @executable_path/Frameworks @loader_path/Frameworks";
				PRODUCT_BUNDLE_IDENTIFIER = com.comst1314.LZTestLoadAndInitializeTests;
				PRODUCT_NAME = "$(TARGET_NAME)";
				TEST_HOST = "$(BUILT_PRODUCTS_DIR)/LZTestLoadAndInitialize.app/LZTestLoadAndInitialize";
			};
			name = Debug;
		};
		CBC51A7D1C9FCE31008EDE25 /* Release */ = {
			isa = XCBuildConfiguration;
			buildSettings = {
				BUNDLE_LOADER = "$(TEST_HOST)";
				INFOPLIST_FILE = LZTestLoadAndInitializeTests/Info.plist;
				LD_RUNPATH_SEARCH_PATHS = "$(inherited) @executable_path/Frameworks @loader_path/Frameworks";
				PRODUCT_BUNDLE_IDENTIFIER = com.comst1314.LZTestLoadAndInitializeTests;
				PRODUCT_NAME = "$(TARGET_NAME)";
				TEST_HOST = "$(BUILT_PRODUCTS_DIR)/LZTestLoadAndInitialize.app/LZTestLoadAndInitialize";
			};
			name = Release;
		};
		CBC51A7F1C9FCE31008EDE25 /* Debug */ = {
			isa = XCBuildConfiguration;
			buildSettings = {
				INFOPLIST_FILE = LZTestLoadAndInitializeUITests/Info.plist;
				LD_RUNPATH_SEARCH_PATHS = "$(inherited) @executable_path/Frameworks @loader_path/Frameworks";
				PRODUCT_BUNDLE_IDENTIFIER = com.comst1314.LZTestLoadAndInitializeUITests;
				PRODUCT_NAME = "$(TARGET_NAME)";
				TEST_TARGET_NAME = LZTestLoadAndInitialize;
				USES_XCTRUNNER = YES;
			};
			name = Debug;
		};
		CBC51A801C9FCE31008EDE25 /* Release */ = {
			isa = XCBuildConfiguration;
			buildSettings = {
				INFOPLIST_FILE = LZTestLoadAndInitializeUITests/Info.plist;
				LD_RUNPATH_SEARCH_PATHS = "$(inherited) @executable_path/Frameworks @loader_path/Frameworks";
				PRODUCT_BUNDLE_IDENTIFIER = com.comst1314.LZTestLoadAndInitializeUITests;
				PRODUCT_NAME = "$(TARGET_NAME)";
				TEST_TARGET_NAME = LZTestLoadAndInitialize;
				USES_XCTRUNNER = YES;
			};
			name = Release;
		};
/* End XCBuildConfiguration section */

/* Begin XCConfigurationList section */
		CBC51A461C9FCE31008EDE25 /* Build configuration list for PBXProject "LZTestLoadAndInitialize" */ = {
			isa = XCConfigurationList;
			buildConfigurations = (
				CBC51A761C9FCE31008EDE25 /* Debug */,
				CBC51A771C9FCE31008EDE25 /* Release */,
			);
			defaultConfigurationIsVisible = 0;
			defaultConfigurationName = Release;
		};
		CBC51A781C9FCE31008EDE25 /* Build configuration list for PBXNativeTarget "LZTestLoadAndInitialize" */ = {
			isa = XCConfigurationList;
			buildConfigurations = (
				CBC51A791C9FCE31008EDE25 /* Debug */,
				CBC51A7A1C9FCE31008EDE25 /* Release */,
			);
			defaultConfigurationIsVisible = 0;
		};
		CBC51A7B1C9FCE31008EDE25 /* Build configuration list for PBXNativeTarget "LZTestLoadAndInitializeTests" */ = {
			isa = XCConfigurationList;
			buildConfigurations = (
				CBC51A7C1C9FCE31008EDE25 /* Debug */,
				CBC51A7D1C9FCE31008EDE25 /* Release */,
			);
			defaultConfigurationIsVisible = 0;
		};
		CBC51A7E1C9FCE31008EDE25 /* Build configuration list for PBXNativeTarget "LZTestLoadAndInitializeUITests" */ = {
			isa = XCConfigurationList;
			buildConfigurations = (
				CBC51A7F1C9FCE31008EDE25 /* Debug */,
				CBC51A801C9FCE31008EDE25 /* Release */,
			);
			defaultConfigurationIsVisible = 0;
		};
/* End XCConfigurationList section */
	};
	rootObject = CBC51A431C9FCE31008EDE25 /* Project object */;
}
