// !$*UTF8*$!
{
	archiveVersion = 1;
	classes = {
	};
	objectVersion = 46;
	objects = {

/* Begin PBXBuildFile section */
		CB3357271CC0D919008C857C /* LZDota2LoverTests.m in Sources */ = {isa = PBXBuildFile; fileRef = CB3357261CC0D919008C857C /* LZDota2LoverTests.m */; };
		CB3357321CC0D919008C857C /* LZDota2LoverUITests.m in Sources */ = {isa = PBXBuildFile; fileRef = CB3357311CC0D919008C857C /* LZDota2LoverUITests.m */; };
		CB3357601CC0DB7A008C857C /* FirstViewController.m in Sources */ = {isa = PBXBuildFile; fileRef = CB3357431CC0DB7A008C857C /* FirstViewController.m */; };
		CB3357611CC0DB7A008C857C /* SecondViewController.m in Sources */ = {isa = PBXBuildFile; fileRef = CB3357451CC0DB7A008C857C /* SecondViewController.m */; };
		CB3357621CC0DB7A008C857C /* AppDelegate.m in Sources */ = {isa = PBXBuildFile; fileRef = CB3357521CC0DB7A008C857C /* AppDelegate.m */; };
		CB3357631CC0DB7A008C857C /* Assets.xcassets in Resources */ = {isa = PBXBuildFile; fileRef = CB3357581CC0DB7A008C857C /* Assets.xcassets */; };
		CB3357641CC0DB7A008C857C /* LaunchScreen.storyboard in Resources */ = {isa = PBXBuildFile; fileRef = CB3357591CC0DB7A008C857C /* LaunchScreen.storyboard */; };
		CB3357651CC0DB7A008C857C /* Main.storyboard in Resources */ = {isa = PBXBuildFile; fileRef = CB33575B1CC0DB7A008C857C /* Main.storyboard */; };
		CB3357661CC0DB7A008C857C /* Info.plist in Resources */ = {isa = PBXBuildFile; fileRef = CB33575E1CC0DB7A008C857C /* Info.plist */; };
		CB3357671CC0DB7A008C857C /* main.m in Sources */ = {isa = PBXBuildFile; fileRef = CB33575F1CC0DB7A008C857C /* main.m */; };
		CB33576A1CC0E38C008C857C /* LZRecommandTableViewController.m in Sources */ = {isa = PBXBuildFile; fileRef = CB3357691CC0E38C008C857C /* LZRecommandTableViewController.m */; };
		CB33576E1CC0F30E008C857C /* UIView+LZFrame.m in Sources */ = {isa = PBXBuildFile; fileRef = CB33576D1CC0F30E008C857C /* UIView+LZFrame.m */; };
		CB33579D1CC0F399008C857C /* MJRefreshAutoFooter.m in Sources */ = {isa = PBXBuildFile; fileRef = CB3357731CC0F399008C857C /* MJRefreshAutoFooter.m */; };
		CB33579E1CC0F399008C857C /* MJRefreshBackFooter.m in Sources */ = {isa = PBXBuildFile; fileRef = CB3357751CC0F399008C857C /* MJRefreshBackFooter.m */; };
		CB33579F1CC0F399008C857C /* MJRefreshComponent.m in Sources */ = {isa = PBXBuildFile; fileRef = CB3357771CC0F399008C857C /* MJRefreshComponent.m */; };
		CB3357A01CC0F399008C857C /* MJRefreshFooter.m in Sources */ = {isa = PBXBuildFile; fileRef = CB3357791CC0F399008C857C /* MJRefreshFooter.m */; };
		CB3357A11CC0F399008C857C /* MJRefreshHeader.m in Sources */ = {isa = PBXBuildFile; fileRef = CB33577B1CC0F399008C857C /* MJRefreshHeader.m */; };
		CB3357A21CC0F399008C857C /* MJRefreshAutoGifFooter.m in Sources */ = {isa = PBXBuildFile; fileRef = CB3357801CC0F399008C857C /* MJRefreshAutoGifFooter.m */; };
		CB3357A31CC0F399008C857C /* MJRefreshAutoNormalFooter.m in Sources */ = {isa = PBXBuildFile; fileRef = CB3357821CC0F399008C857C /* MJRefreshAutoNormalFooter.m */; };
		CB3357A41CC0F399008C857C /* MJRefreshAutoStateFooter.m in Sources */ = {isa = PBXBuildFile; fileRef = CB3357841CC0F399008C857C /* MJRefreshAutoStateFooter.m */; };
		CB3357A51CC0F399008C857C /* MJRefreshBackGifFooter.m in Sources */ = {isa = PBXBuildFile; fileRef = CB3357871CC0F399008C857C /* MJRefreshBackGifFooter.m */; };
		CB3357A61CC0F399008C857C /* MJRefreshBackNormalFooter.m in Sources */ = {isa = PBXBuildFile; fileRef = CB3357891CC0F399008C857C /* MJRefreshBackNormalFooter.m */; };
		CB3357A71CC0F399008C857C /* MJRefreshBackStateFooter.m in Sources */ = {isa = PBXBuildFile; fileRef = CB33578B1CC0F399008C857C /* MJRefreshBackStateFooter.m */; };
		CB3357A81CC0F399008C857C /* MJRefreshGifHeader.m in Sources */ = {isa = PBXBuildFile; fileRef = CB33578E1CC0F399008C857C /* MJRefreshGifHeader.m */; };
		CB3357A91CC0F399008C857C /* MJRefreshNormalHeader.m in Sources */ = {isa = PBXBuildFile; fileRef = CB3357901CC0F399008C857C /* MJRefreshNormalHeader.m */; };
		CB3357AA1CC0F399008C857C /* MJRefreshStateHeader.m in Sources */ = {isa = PBXBuildFile; fileRef = CB3357921CC0F399008C857C /* MJRefreshStateHeader.m */; };
		CB3357AB1CC0F399008C857C /* MJRefresh.bundle in Resources */ = {isa = PBXBuildFile; fileRef = CB3357931CC0F399008C857C /* MJRefresh.bundle */; };
		CB3357AC1CC0F399008C857C /* MJRefreshConst.m in Sources */ = {isa = PBXBuildFile; fileRef = CB3357961CC0F399008C857C /* MJRefreshConst.m */; };
		CB3357AD1CC0F399008C857C /* UIScrollView+MJExtension.m in Sources */ = {isa = PBXBuildFile; fileRef = CB3357981CC0F399008C857C /* UIScrollView+MJExtension.m */; };
		CB3357AE1CC0F399008C857C /* UIScrollView+MJRefresh.m in Sources */ = {isa = PBXBuildFile; fileRef = CB33579A1CC0F399008C857C /* UIScrollView+MJRefresh.m */; };
		CB3357AF1CC0F399008C857C /* UIView+MJExtension.m in Sources */ = {isa = PBXBuildFile; fileRef = CB33579C1CC0F399008C857C /* UIView+MJExtension.m */; };
		CB3357BE1CC0F3AC008C857C /* AFHTTPSessionManager.m in Sources */ = {isa = PBXBuildFile; fileRef = CB3357B21CC0F3AC008C857C /* AFHTTPSessionManager.m */; };
		CB3357BF1CC0F3AC008C857C /* AFNetworkReachabilityManager.m in Sources */ = {isa = PBXBuildFile; fileRef = CB3357B51CC0F3AC008C857C /* AFNetworkReachabilityManager.m */; };
		CB3357C01CC0F3AC008C857C /* AFSecurityPolicy.m in Sources */ = {isa = PBXBuildFile; fileRef = CB3357B71CC0F3AC008C857C /* AFSecurityPolicy.m */; };
		CB3357C11CC0F3AC008C857C /* AFURLRequestSerialization.m in Sources */ = {isa = PBXBuildFile; fileRef = CB3357B91CC0F3AC008C857C /* AFURLRequestSerialization.m */; };
		CB3357C21CC0F3AC008C857C /* AFURLResponseSerialization.m in Sources */ = {isa = PBXBuildFile; fileRef = CB3357BB1CC0F3AC008C857C /* AFURLResponseSerialization.m */; };
		CB3357C31CC0F3AC008C857C /* AFURLSessionManager.m in Sources */ = {isa = PBXBuildFile; fileRef = CB3357BD1CC0F3AC008C857C /* AFURLSessionManager.m */; };
		CB3357CD1CC0F3B9008C857C /* SVIndefiniteAnimatedView.m in Sources */ = {isa = PBXBuildFile; fileRef = CB3357C61CC0F3B9008C857C /* SVIndefiniteAnimatedView.m */; };
		CB3357CE1CC0F3B9008C857C /* SVProgressHUD.bundle in Resources */ = {isa = PBXBuildFile; fileRef = CB3357C81CC0F3B9008C857C /* SVProgressHUD.bundle */; };
		CB3357CF1CC0F3B9008C857C /* SVProgressHUD.m in Sources */ = {isa = PBXBuildFile; fileRef = CB3357CA1CC0F3B9008C857C /* SVProgressHUD.m */; };
		CB3357D01CC0F3B9008C857C /* SVRadialGradientLayer.m in Sources */ = {isa = PBXBuildFile; fileRef = CB3357CC1CC0F3B9008C857C /* SVRadialGradientLayer.m */; };
		CB3357F31CC0F3C7008C857C /* MKAnnotationView+WebCache.m in Sources */ = {isa = PBXBuildFile; fileRef = CB3357D31CC0F3C7008C857C /* MKAnnotationView+WebCache.m */; };
		CB3357F41CC0F3C7008C857C /* NSData+ImageContentType.m in Sources */ = {isa = PBXBuildFile; fileRef = CB3357D51CC0F3C7008C857C /* NSData+ImageContentType.m */; };
		CB3357F51CC0F3C7008C857C /* SDImageCache.m in Sources */ = {isa = PBXBuildFile; fileRef = CB3357D71CC0F3C7008C857C /* SDImageCache.m */; };
		CB3357F61CC0F3C7008C857C /* SDWebImageCompat.m in Sources */ = {isa = PBXBuildFile; fileRef = CB3357D91CC0F3C7008C857C /* SDWebImageCompat.m */; };
		CB3357F71CC0F3C7008C857C /* SDWebImageDecoder.m in Sources */ = {isa = PBXBuildFile; fileRef = CB3357DB1CC0F3C7008C857C /* SDWebImageDecoder.m */; };
		CB3357F81CC0F3C7008C857C /* SDWebImageDownloader.m in Sources */ = {isa = PBXBuildFile; fileRef = CB3357DD1CC0F3C7008C857C /* SDWebImageDownloader.m */; };
		CB3357F91CC0F3C7008C857C /* SDWebImageDownloaderOperation.m in Sources */ = {isa = PBXBuildFile; fileRef = CB3357DF1CC0F3C7008C857C /* SDWebImageDownloaderOperation.m */; };
		CB3357FA1CC0F3C7008C857C /* SDWebImageManager.m in Sources */ = {isa = PBXBuildFile; fileRef = CB3357E11CC0F3C7008C857C /* SDWebImageManager.m */; };
		CB3357FB1CC0F3C7008C857C /* SDWebImagePrefetcher.m in Sources */ = {isa = PBXBuildFile; fileRef = CB3357E41CC0F3C7008C857C /* SDWebImagePrefetcher.m */; };
		CB3357FC1CC0F3C7008C857C /* UIButton+WebCache.m in Sources */ = {isa = PBXBuildFile; fileRef = CB3357E61CC0F3C7008C857C /* UIButton+WebCache.m */; };
		CB3357FD1CC0F3C7008C857C /* UIImage+GIF.m in Sources */ = {isa = PBXBuildFile; fileRef = CB3357E81CC0F3C7008C857C /* UIImage+GIF.m */; };
		CB3357FE1CC0F3C7008C857C /* UIImage+MultiFormat.m in Sources */ = {isa = PBXBuildFile; fileRef = CB3357EA1CC0F3C7008C857C /* UIImage+MultiFormat.m */; };
		CB3357FF1CC0F3C7008C857C /* UIImage+WebP.m in Sources */ = {isa = PBXBuildFile; fileRef = CB3357EC1CC0F3C7008C857C /* UIImage+WebP.m */; };
		CB3358001CC0F3C7008C857C /* UIImageView+HighlightedWebCache.m in Sources */ = {isa = PBXBuildFile; fileRef = CB3357EE1CC0F3C7008C857C /* UIImageView+HighlightedWebCache.m */; };
		CB3358011CC0F3C7008C857C /* UIImageView+WebCache.m in Sources */ = {isa = PBXBuildFile; fileRef = CB3357F01CC0F3C7008C857C /* UIImageView+WebCache.m */; };
		CB3358021CC0F3C7008C857C /* UIView+WebCacheOperation.m in Sources */ = {isa = PBXBuildFile; fileRef = CB3357F21CC0F3C7008C857C /* UIView+WebCacheOperation.m */; };
/* End PBXBuildFile section */

/* Begin PBXContainerItemProxy section */
		CB3357231CC0D919008C857C /* PBXContainerItemProxy */ = {
			isa = PBXContainerItemProxy;
			containerPortal = CB3356FE1CC0D919008C857C /* Project object */;
			proxyType = 1;
			remoteGlobalIDString = CB3357051CC0D919008C857C;
			remoteInfo = LZDota2Lover;
		};
		CB33572E1CC0D919008C857C /* PBXContainerItemProxy */ = {
			isa = PBXContainerItemProxy;
			containerPortal = CB3356FE1CC0D919008C857C /* Project object */;
			proxyType = 1;
			remoteGlobalIDString = CB3357051CC0D919008C857C;
			remoteInfo = LZDota2Lover;
		};
/* End PBXContainerItemProxy section */

/* Begin PBXFileReference section */
		CB3357061CC0D919008C857C /* LZDota2Lover.app */ = {isa = PBXFileReference; explicitFileType = wrapper.application; includeInIndex = 0; path = LZDota2Lover.app; sourceTree = BUILT_PRODUCTS_DIR; };
		CB3357221CC0D919008C857C /* LZDota2LoverTests.xctest */ = {isa = PBXFileReference; explicitFileType = wrapper.cfbundle; includeInIndex = 0; path = LZDota2LoverTests.xctest; sourceTree = BUILT_PRODUCTS_DIR; };
		CB3357261CC0D919008C857C /* LZDota2LoverTests.m */ = {isa = PBXFileReference; lastKnownFileType = sourcecode.c.objc; path = LZDota2LoverTests.m; sourceTree = "<group>"; };
		CB3357281CC0D919008C857C /* Info.plist */ = {isa = PBXFileReference; lastKnownFileType = text.plist.xml; path = Info.plist; sourceTree = "<group>"; };
		CB33572D1CC0D919008C857C /* LZDota2LoverUITests.xctest */ = {isa = PBXFileReference; explicitFileType = wrapper.cfbundle; includeInIndex = 0; path = LZDota2LoverUITests.xctest; sourceTree = BUILT_PRODUCTS_DIR; };
		CB3357311CC0D919008C857C /* LZDota2LoverUITests.m */ = {isa = PBXFileReference; lastKnownFileType = sourcecode.c.objc; path = LZDota2LoverUITests.m; sourceTree = "<group>"; };
		CB3357331CC0D919008C857C /* Info.plist */ = {isa = PBXFileReference; lastKnownFileType = text.plist.xml; path = Info.plist; sourceTree = "<group>"; };
		CB3357421CC0DB7A008C857C /* FirstViewController.h */ = {isa = PBXFileReference; fileEncoding = 4; lastKnownFileType = sourcecode.c.h; path = FirstViewController.h; sourceTree = "<group>"; };
		CB3357431CC0DB7A008C857C /* FirstViewController.m */ = {isa = PBXFileReference; fileEncoding = 4; lastKnownFileType = sourcecode.c.objc; path = FirstViewController.m; sourceTree = "<group>"; };
		CB3357441CC0DB7A008C857C /* SecondViewController.h */ = {isa = PBXFileReference; fileEncoding = 4; lastKnownFileType = sourcecode.c.h; path = SecondViewController.h; sourceTree = "<group>"; };
		CB3357451CC0DB7A008C857C /* SecondViewController.m */ = {isa = PBXFileReference; fileEncoding = 4; lastKnownFileType = sourcecode.c.objc; path = SecondViewController.m; sourceTree = "<group>"; };
		CB3357511CC0DB7A008C857C /* AppDelegate.h */ = {isa = PBXFileReference; fileEncoding = 4; lastKnownFileType = sourcecode.c.h; path = AppDelegate.h; sourceTree = "<group>"; };
		CB3357521CC0DB7A008C857C /* AppDelegate.m */ = {isa = PBXFileReference; fileEncoding = 4; lastKnownFileType = sourcecode.c.objc; path = AppDelegate.m; sourceTree = "<group>"; };
		CB3357581CC0DB7A008C857C /* Assets.xcassets */ = {isa = PBXFileReference; lastKnownFileType = folder.assetcatalog; path = Assets.xcassets; sourceTree = "<group>"; };
		CB33575A1CC0DB7A008C857C /* Base */ = {isa = PBXFileReference; lastKnownFileType = file.storyboard; name = Base; path = Base.lproj/LaunchScreen.storyboard; sourceTree = "<group>"; };
		CB33575C1CC0DB7A008C857C /* Base */ = {isa = PBXFileReference; lastKnownFileType = file.storyboard; name = Base; path = Base.lproj/Main.storyboard; sourceTree = "<group>"; };
		CB33575E1CC0DB7A008C857C /* Info.plist */ = {isa = PBXFileReference; fileEncoding = 4; lastKnownFileType = text.plist.xml; path = Info.plist; sourceTree = "<group>"; };
		CB33575F1CC0DB7A008C857C /* main.m */ = {isa = PBXFileReference; fileEncoding = 4; lastKnownFileType = sourcecode.c.objc; path = main.m; sourceTree = "<group>"; };
		CB3357681CC0E38C008C857C /* LZRecommandTableViewController.h */ = {isa = PBXFileReference; fileEncoding = 4; lastKnownFileType = sourcecode.c.h; path = LZRecommandTableViewController.h; sourceTree = "<group>"; };
		CB3357691CC0E38C008C857C /* LZRecommandTableViewController.m */ = {isa = PBXFileReference; fileEncoding = 4; lastKnownFileType = sourcecode.c.objc; path = LZRecommandTableViewController.m; sourceTree = "<group>"; };
		CB33576C1CC0F30E008C857C /* UIView+LZFrame.h */ = {isa = PBXFileReference; fileEncoding = 4; lastKnownFileType = sourcecode.c.h; path = "UIView+LZFrame.h"; sourceTree = "<group>"; };
		CB33576D1CC0F30E008C857C /* UIView+LZFrame.m */ = {isa = PBXFileReference; fileEncoding = 4; lastKnownFileType = sourcecode.c.objc; path = "UIView+LZFrame.m"; sourceTree = "<group>"; };
		CB33576F1CC0F32E008C857C /* LZCommon.h */ = {isa = PBXFileReference; lastKnownFileType = sourcecode.c.h; path = LZCommon.h; sourceTree = "<group>"; };
		CB3357721CC0F399008C857C /* MJRefreshAutoFooter.h */ = {isa = PBXFileReference; fileEncoding = 4; lastKnownFileType = sourcecode.c.h; path = MJRefreshAutoFooter.h; sourceTree = "<group>"; };
		CB3357731CC0F399008C857C /* MJRefreshAutoFooter.m */ = {isa = PBXFileReference; fileEncoding = 4; lastKnownFileType = sourcecode.c.objc; path = MJRefreshAutoFooter.m; sourceTree = "<group>"; };
		CB3357741CC0F399008C857C /* MJRefreshBackFooter.h */ = {isa = PBXFileReference; fileEncoding = 4; lastKnownFileType = sourcecode.c.h; path = MJRefreshBackFooter.h; sourceTree = "<group>"; };
		CB3357751CC0F399008C857C /* MJRefreshBackFooter.m */ = {isa = PBXFileReference; fileEncoding = 4; lastKnownFileType = sourcecode.c.objc; path = MJRefreshBackFooter.m; sourceTree = "<group>"; };
		CB3357761CC0F399008C857C /* MJRefreshComponent.h */ = {isa = PBXFileReference; fileEncoding = 4; lastKnownFileType = sourcecode.c.h; path = MJRefreshComponent.h; sourceTree = "<group>"; };
		CB3357771CC0F399008C857C /* MJRefreshComponent.m */ = {isa = PBXFileReference; fileEncoding = 4; lastKnownFileType = sourcecode.c.objc; path = MJRefreshComponent.m; sourceTree = "<group>"; };
		CB3357781CC0F399008C857C /* MJRefreshFooter.h */ = {isa = PBXFileReference; fileEncoding = 4; lastKnownFileType = sourcecode.c.h; path = MJRefreshFooter.h; sourceTree = "<group>"; };
		CB3357791CC0F399008C857C /* MJRefreshFooter.m */ = {isa = PBXFileReference; fileEncoding = 4; lastKnownFileType = sourcecode.c.objc; path = MJRefreshFooter.m; sourceTree = "<group>"; };
		CB33577A1CC0F399008C857C /* MJRefreshHeader.h */ = {isa = PBXFileReference; fileEncoding = 4; lastKnownFileType = sourcecode.c.h; path = MJRefreshHeader.h; sourceTree = "<group>"; };
		CB33577B1CC0F399008C857C /* MJRefreshHeader.m */ = {isa = PBXFileReference; fileEncoding = 4; lastKnownFileType = sourcecode.c.objc; path = MJRefreshHeader.m; sourceTree = "<group>"; };
		CB33577F1CC0F399008C857C /* MJRefreshAutoGifFooter.h */ = {isa = PBXFileReference; fileEncoding = 4; lastKnownFileType = sourcecode.c.h; path = MJRefreshAutoGifFooter.h; sourceTree = "<group>"; };
		CB3357801CC0F399008C857C /* MJRefreshAutoGifFooter.m */ = {isa = PBXFileReference; fileEncoding = 4; lastKnownFileType = sourcecode.c.objc; path = MJRefreshAutoGifFooter.m; sourceTree = "<group>"; };
		CB3357811CC0F399008C857C /* MJRefreshAutoNormalFooter.h */ = {isa = PBXFileReference; fileEncoding = 4; lastKnownFileType = sourcecode.c.h; path = MJRefreshAutoNormalFooter.h; sourceTree = "<group>"; };
		CB3357821CC0F399008C857C /* MJRefreshAutoNormalFooter.m */ = {isa = PBXFileReference; fileEncoding = 4; lastKnownFileType = sourcecode.c.objc; path = MJRefreshAutoNormalFooter.m; sourceTree = "<group>"; };
		CB3357831CC0F399008C857C /* MJRefreshAutoStateFooter.h */ = {isa = PBXFileReference; fileEncoding = 4; lastKnownFileType = sourcecode.c.h; path = MJRefreshAutoStateFooter.h; sourceTree = "<group>"; };
		CB3357841CC0F399008C857C /* MJRefreshAutoStateFooter.m */ = {isa = PBXFileReference; fileEncoding = 4; lastKnownFileType = sourcecode.c.objc; path = MJRefreshAutoStateFooter.m; sourceTree = "<group>"; };
		CB3357861CC0F399008C857C /* MJRefreshBackGifFooter.h */ = {isa = PBXFileReference; fileEncoding = 4; lastKnownFileType = sourcecode.c.h; path = MJRefreshBackGifFooter.h; sourceTree = "<group>"; };
		CB3357871CC0F399008C857C /* MJRefreshBackGifFooter.m */ = {isa = PBXFileReference; fileEncoding = 4; lastKnownFileType = sourcecode.c.objc; path = MJRefreshBackGifFooter.m; sourceTree = "<group>"; };
		CB3357881CC0F399008C857C /* MJRefreshBackNormalFooter.h */ = {isa = PBXFileReference; fileEncoding = 4; lastKnownFileType = sourcecode.c.h; path = MJRefreshBackNormalFooter.h; sourceTree = "<group>"; };
		CB3357891CC0F399008C857C /* MJRefreshBackNormalFooter.m */ = {isa = PBXFileReference; fileEncoding = 4; lastKnownFileType = sourcecode.c.objc; path = MJRefreshBackNormalFooter.m; sourceTree = "<group>"; };
		CB33578A1CC0F399008C857C /* MJRefreshBackStateFooter.h */ = {isa = PBXFileReference; fileEncoding = 4; lastKnownFileType = sourcecode.c.h; path = MJRefreshBackStateFooter.h; sourceTree = "<group>"; };
		CB33578B1CC0F399008C857C /* MJRefreshBackStateFooter.m */ = {isa = PBXFileReference; fileEncoding = 4; lastKnownFileType = sourcecode.c.objc; path = MJRefreshBackStateFooter.m; sourceTree = "<group>"; };
		CB33578D1CC0F399008C857C /* MJRefreshGifHeader.h */ = {isa = PBXFileReference; fileEncoding = 4; lastKnownFileType = sourcecode.c.h; path = MJRefreshGifHeader.h; sourceTree = "<group>"; };
		CB33578E1CC0F399008C857C /* MJRefreshGifHeader.m */ = {isa = PBXFileReference; fileEncoding = 4; lastKnownFileType = sourcecode.c.objc; path = MJRefreshGifHeader.m; sourceTree = "<group>"; };
		CB33578F1CC0F399008C857C /* MJRefreshNormalHeader.h */ = {isa = PBXFileReference; fileEncoding = 4; lastKnownFileType = sourcecode.c.h; path = MJRefreshNormalHeader.h; sourceTree = "<group>"; };
		CB3357901CC0F399008C857C /* MJRefreshNormalHeader.m */ = {isa = PBXFileReference; fileEncoding = 4; lastKnownFileType = sourcecode.c.objc; path = MJRefreshNormalHeader.m; sourceTree = "<group>"; };
		CB3357911CC0F399008C857C /* MJRefreshStateHeader.h */ = {isa = PBXFileReference; fileEncoding = 4; lastKnownFileType = sourcecode.c.h; path = MJRefreshStateHeader.h; sourceTree = "<group>"; };
		CB3357921CC0F399008C857C /* MJRefreshStateHeader.m */ = {isa = PBXFileReference; fileEncoding = 4; lastKnownFileType = sourcecode.c.objc; path = MJRefreshStateHeader.m; sourceTree = "<group>"; };
		CB3357931CC0F399008C857C /* MJRefresh.bundle */ = {isa = PBXFileReference; lastKnownFileType = "wrapper.plug-in"; path = MJRefresh.bundle; sourceTree = "<group>"; };
		CB3357941CC0F399008C857C /* MJRefresh.h */ = {isa = PBXFileReference; fileEncoding = 4; lastKnownFileType = sourcecode.c.h; path = MJRefresh.h; sourceTree = "<group>"; };
		CB3357951CC0F399008C857C /* MJRefreshConst.h */ = {isa = PBXFileReference; fileEncoding = 4; lastKnownFileType = sourcecode.c.h; path = MJRefreshConst.h; sourceTree = "<group>"; };
		CB3357961CC0F399008C857C /* MJRefreshConst.m */ = {isa = PBXFileReference; fileEncoding = 4; lastKnownFileType = sourcecode.c.objc; path = MJRefreshConst.m; sourceTree = "<group>"; };
		CB3357971CC0F399008C857C /* UIScrollView+MJExtension.h */ = {isa = PBXFileReference; fileEncoding = 4; lastKnownFileType = sourcecode.c.h; path = "UIScrollView+MJExtension.h"; sourceTree = "<group>"; };
		CB3357981CC0F399008C857C /* UIScrollView+MJExtension.m */ = {isa = PBXFileReference; fileEncoding = 4; lastKnownFileType = sourcecode.c.objc; path = "UIScrollView+MJExtension.m"; sourceTree = "<group>"; };
		CB3357991CC0F399008C857C /* UIScrollView+MJRefresh.h */ = {isa = PBXFileReference; fileEncoding = 4; lastKnownFileType = sourcecode.c.h; path = "UIScrollView+MJRefresh.h"; sourceTree = "<group>"; };
		CB33579A1CC0F399008C857C /* UIScrollView+MJRefresh.m */ = {isa = PBXFileReference; fileEncoding = 4; lastKnownFileType = sourcecode.c.objc; path = "UIScrollView+MJRefresh.m"; sourceTree = "<group>"; };
		CB33579B1CC0F399008C857C /* UIView+MJExtension.h */ = {isa = PBXFileReference; fileEncoding = 4; lastKnownFileType = sourcecode.c.h; path = "UIView+MJExtension.h"; sourceTree = "<group>"; };
		CB33579C1CC0F399008C857C /* UIView+MJExtension.m */ = {isa = PBXFileReference; fileEncoding = 4; lastKnownFileType = sourcecode.c.objc; path = "UIView+MJExtension.m"; sourceTree = "<group>"; };
		CB3357B11CC0F3AC008C857C /* AFHTTPSessionManager.h */ = {isa = PBXFileReference; fileEncoding = 4; lastKnownFileType = sourcecode.c.h; path = AFHTTPSessionManager.h; sourceTree = "<group>"; };
		CB3357B21CC0F3AC008C857C /* AFHTTPSessionManager.m */ = {isa = PBXFileReference; fileEncoding = 4; lastKnownFileType = sourcecode.c.objc; path = AFHTTPSessionManager.m; sourceTree = "<group>"; };
		CB3357B31CC0F3AC008C857C /* AFNetworking.h */ = {isa = PBXFileReference; fileEncoding = 4; lastKnownFileType = sourcecode.c.h; path = AFNetworking.h; sourceTree = "<group>"; };
		CB3357B41CC0F3AC008C857C /* AFNetworkReachabilityManager.h */ = {isa = PBXFileReference; fileEncoding = 4; lastKnownFileType = sourcecode.c.h; path = AFNetworkReachabilityManager.h; sourceTree = "<group>"; };
		CB3357B51CC0F3AC008C857C /* AFNetworkReachabilityManager.m */ = {isa = PBXFileReference; fileEncoding = 4; lastKnownFileType = sourcecode.c.objc; path = AFNetworkReachabilityManager.m; sourceTree = "<group>"; };
		CB3357B61CC0F3AC008C857C /* AFSecurityPolicy.h */ = {isa = PBXFileReference; fileEncoding = 4; lastKnownFileType = sourcecode.c.h; path = AFSecurityPolicy.h; sourceTree = "<group>"; };
		CB3357B71CC0F3AC008C857C /* AFSecurityPolicy.m */ = {isa = PBXFileReference; fileEncoding = 4; lastKnownFileType = sourcecode.c.objc; path = AFSecurityPolicy.m; sourceTree = "<group>"; };
		CB3357B81CC0F3AC008C857C /* AFURLRequestSerialization.h */ = {isa = PBXFileReference; fileEncoding = 4; lastKnownFileType = sourcecode.c.h; path = AFURLRequestSerialization.h; sourceTree = "<group>"; };
		CB3357B91CC0F3AC008C857C /* AFURLRequestSerialization.m */ = {isa = PBXFileReference; fileEncoding = 4; lastKnownFileType = sourcecode.c.objc; path = AFURLRequestSerialization.m; sourceTree = "<group>"; };
		CB3357BA1CC0F3AC008C857C /* AFURLResponseSerialization.h */ = {isa = PBXFileReference; fileEncoding = 4; lastKnownFileType = sourcecode.c.h; path = AFURLResponseSerialization.h; sourceTree = "<group>"; };
		CB3357BB1CC0F3AC008C857C /* AFURLResponseSerialization.m */ = {isa = PBXFileReference; fileEncoding = 4; lastKnownFileType = sourcecode.c.objc; path = AFURLResponseSerialization.m; sourceTree = "<group>"; };
		CB3357BC1CC0F3AC008C857C /* AFURLSessionManager.h */ = {isa = PBXFileReference; fileEncoding = 4; lastKnownFileType = sourcecode.c.h; path = AFURLSessionManager.h; sourceTree = "<group>"; };
		CB3357BD1CC0F3AC008C857C /* AFURLSessionManager.m */ = {isa = PBXFileReference; fileEncoding = 4; lastKnownFileType = sourcecode.c.objc; path = AFURLSessionManager.m; sourceTree = "<group>"; };
		CB3357C51CC0F3B9008C857C /* SVIndefiniteAnimatedView.h */ = {isa = PBXFileReference; fileEncoding = 4; lastKnownFileType = sourcecode.c.h; path = SVIndefiniteAnimatedView.h; sourceTree = "<group>"; };
		CB3357C61CC0F3B9008C857C /* SVIndefiniteAnimatedView.m */ = {isa = PBXFileReference; fileEncoding = 4; lastKnownFileType = sourcecode.c.objc; path = SVIndefiniteAnimatedView.m; sourceTree = "<group>"; };
		CB3357C71CC0F3B9008C857C /* SVProgressHUD-Prefix.pch */ = {isa = PBXFileReference; fileEncoding = 4; lastKnownFileType = sourcecode.c.h; path = "SVProgressHUD-Prefix.pch"; sourceTree = "<group>"; };
		CB3357C81CC0F3B9008C857C /* SVProgressHUD.bundle */ = {isa = PBXFileReference; lastKnownFileType = "wrapper.plug-in"; path = SVProgressHUD.bundle; sourceTree = "<group>"; };
		CB3357C91CC0F3B9008C857C /* SVProgressHUD.h */ = {isa = PBXFileReference; fileEncoding = 4; lastKnownFileType = sourcecode.c.h; path = SVProgressHUD.h; sourceTree = "<group>"; };
		CB3357CA1CC0F3B9008C857C /* SVProgressHUD.m */ = {isa = PBXFileReference; fileEncoding = 4; lastKnownFileType = sourcecode.c.objc; path = SVProgressHUD.m; sourceTree = "<group>"; };
		CB3357CB1CC0F3B9008C857C /* SVRadialGradientLayer.h */ = {isa = PBXFileReference; fileEncoding = 4; lastKnownFileType = sourcecode.c.h; path = SVRadialGradientLayer.h; sourceTree = "<group>"; };
		CB3357CC1CC0F3B9008C857C /* SVRadialGradientLayer.m */ = {isa = PBXFileReference; fileEncoding = 4; lastKnownFileType = sourcecode.c.objc; path = SVRadialGradientLayer.m; sourceTree = "<group>"; };
		CB3357D21CC0F3C7008C857C /* MKAnnotationView+WebCache.h */ = {isa = PBXFileReference; fileEncoding = 4; lastKnownFileType = sourcecode.c.h; path = "MKAnnotationView+WebCache.h"; sourceTree = "<group>"; };
		CB3357D31CC0F3C7008C857C /* MKAnnotationView+WebCache.m */ = {isa = PBXFileReference; fileEncoding = 4; lastKnownFileType = sourcecode.c.objc; path = "MKAnnotationView+WebCache.m"; sourceTree = "<group>"; };
		CB3357D41CC0F3C7008C857C /* NSData+ImageContentType.h */ = {isa = PBXFileReference; fileEncoding = 4; lastKnownFileType = sourcecode.c.h; path = "NSData+ImageContentType.h"; sourceTree = "<group>"; };
		CB3357D51CC0F3C7008C857C /* NSData+ImageContentType.m */ = {isa = PBXFileReference; fileEncoding = 4; lastKnownFileType = sourcecode.c.objc; path = "NSData+ImageContentType.m"; sourceTree = "<group>"; };
		CB3357D61CC0F3C7008C857C /* SDImageCache.h */ = {isa = PBXFileReference; fileEncoding = 4; lastKnownFileType = sourcecode.c.h; path = SDImageCache.h; sourceTree = "<group>"; };
		CB3357D71CC0F3C7008C857C /* SDImageCache.m */ = {isa = PBXFileReference; fileEncoding = 4; lastKnownFileType = sourcecode.c.objc; path = SDImageCache.m; sourceTree = "<group>"; };
		CB3357D81CC0F3C7008C857C /* SDWebImageCompat.h */ = {isa = PBXFileReference; fileEncoding = 4; lastKnownFileType = sourcecode.c.h; path = SDWebImageCompat.h; sourceTree = "<group>"; };
		CB3357D91CC0F3C7008C857C /* SDWebImageCompat.m */ = {isa = PBXFileReference; fileEncoding = 4; lastKnownFileType = sourcecode.c.objc; path = SDWebImageCompat.m; sourceTree = "<group>"; };
		CB3357DA1CC0F3C7008C857C /* SDWebImageDecoder.h */ = {isa = PBXFileReference; fileEncoding = 4; lastKnownFileType = sourcecode.c.h; path = SDWebImageDecoder.h; sourceTree = "<group>"; };
		CB3357DB1CC0F3C7008C857C /* SDWebImageDecoder.m */ = {isa = PBXFileReference; fileEncoding = 4; lastKnownFileType = sourcecode.c.objc; path = SDWebImageDecoder.m; sourceTree = "<group>"; };
		CB3357DC1CC0F3C7008C857C /* SDWebImageDownloader.h */ = {isa = PBXFileReference; fileEncoding = 4; lastKnownFileType = sourcecode.c.h; path = SDWebImageDownloader.h; sourceTree = "<group>"; };
		CB3357DD1CC0F3C7008C857C /* SDWebImageDownloader.m */ = {isa = PBXFileReference; fileEncoding = 4; lastKnownFileType = sourcecode.c.objc; path = SDWebImageDownloader.m; sourceTree = "<group>"; };
		CB3357DE1CC0F3C7008C857C /* SDWebImageDownloaderOperation.h */ = {isa = PBXFileReference; fileEncoding = 4; lastKnownFileType = sourcecode.c.h; path = SDWebImageDownloaderOperation.h; sourceTree = "<group>"; };
		CB3357DF1CC0F3C7008C857C /* SDWebImageDownloaderOperation.m */ = {isa = PBXFileReference; fileEncoding = 4; lastKnownFileType = sourcecode.c.objc; path = SDWebImageDownloaderOperation.m; sourceTree = "<group>"; };
		CB3357E01CC0F3C7008C857C /* SDWebImageManager.h */ = {isa = PBXFileReference; fileEncoding = 4; lastKnownFileType = sourcecode.c.h; path = SDWebImageManager.h; sourceTree = "<group>"; };
		CB3357E11CC0F3C7008C857C /* SDWebImageManager.m */ = {isa = PBXFileReference; fileEncoding = 4; lastKnownFileType = sourcecode.c.objc; path = SDWebImageManager.m; sourceTree = "<group>"; };
		CB3357E21CC0F3C7008C857C /* SDWebImageOperation.h */ = {isa = PBXFileReference; fileEncoding = 4; lastKnownFileType = sourcecode.c.h; path = SDWebImageOperation.h; sourceTree = "<group>"; };
		CB3357E31CC0F3C7008C857C /* SDWebImagePrefetcher.h */ = {isa = PBXFileReference; fileEncoding = 4; lastKnownFileType = sourcecode.c.h; path = SDWebImagePrefetcher.h; sourceTree = "<group>"; };
		CB3357E41CC0F3C7008C857C /* SDWebImagePrefetcher.m */ = {isa = PBXFileReference; fileEncoding = 4; lastKnownFileType = sourcecode.c.objc; path = SDWebImagePrefetcher.m; sourceTree = "<group>"; };
		CB3357E51CC0F3C7008C857C /* UIButton+WebCache.h */ = {isa = PBXFileReference; fileEncoding = 4; lastKnownFileType = sourcecode.c.h; path = "UIButton+WebCache.h"; sourceTree = "<group>"; };
		CB3357E61CC0F3C7008C857C /* UIButton+WebCache.m */ = {isa = PBXFileReference; fileEncoding = 4; lastKnownFileType = sourcecode.c.objc; path = "UIButton+WebCache.m"; sourceTree = "<group>"; };
		CB3357E71CC0F3C7008C857C /* UIImage+GIF.h */ = {isa = PBXFileReference; fileEncoding = 4; lastKnownFileType = sourcecode.c.h; path = "UIImage+GIF.h"; sourceTree = "<group>"; };
		CB3357E81CC0F3C7008C857C /* UIImage+GIF.m */ = {isa = PBXFileReference; fileEncoding = 4; lastKnownFileType = sourcecode.c.objc; path = "UIImage+GIF.m"; sourceTree = "<group>"; };
		CB3357E91CC0F3C7008C857C /* UIImage+MultiFormat.h */ = {isa = PBXFileReference; fileEncoding = 4; lastKnownFileType = sourcecode.c.h; path = "UIImage+MultiFormat.h"; sourceTree = "<group>"; };
		CB3357EA1CC0F3C7008C857C /* UIImage+MultiFormat.m */ = {isa = PBXFileReference; fileEncoding = 4; lastKnownFileType = sourcecode.c.objc; path = "UIImage+MultiFormat.m"; sourceTree = "<group>"; };
		CB3357EB1CC0F3C7008C857C /* UIImage+WebP.h */ = {isa = PBXFileReference; fileEncoding = 4; lastKnownFileType = sourcecode.c.h; path = "UIImage+WebP.h"; sourceTree = "<group>"; };
		CB3357EC1CC0F3C7008C857C /* UIImage+WebP.m */ = {isa = PBXFileReference; fileEncoding = 4; lastKnownFileType = sourcecode.c.objc; path = "UIImage+WebP.m"; sourceTree = "<group>"; };
		CB3357ED1CC0F3C7008C857C /* UIImageView+HighlightedWebCache.h */ = {isa = PBXFileReference; fileEncoding = 4; lastKnownFileType = sourcecode.c.h; path = "UIImageView+HighlightedWebCache.h"; sourceTree = "<group>"; };
		CB3357EE1CC0F3C7008C857C /* UIImageView+HighlightedWebCache.m */ = {isa = PBXFileReference; fileEncoding = 4; lastKnownFileType = sourcecode.c.objc; path = "UIImageView+HighlightedWebCache.m"; sourceTree = "<group>"; };
		CB3357EF1CC0F3C7008C857C /* UIImageView+WebCache.h */ = {isa = PBXFileReference; fileEncoding = 4; lastKnownFileType = sourcecode.c.h; path = "UIImageView+WebCache.h"; sourceTree = "<group>"; };
		CB3357F01CC0F3C7008C857C /* UIImageView+WebCache.m */ = {isa = PBXFileReference; fileEncoding = 4; lastKnownFileType = sourcecode.c.objc; path = "UIImageView+WebCache.m"; sourceTree = "<group>"; };
		CB3357F11CC0F3C7008C857C /* UIView+WebCacheOperation.h */ = {isa = PBXFileReference; fileEncoding = 4; lastKnownFileType = sourcecode.c.h; path = "UIView+WebCacheOperation.h"; sourceTree = "<group>"; };
		CB3357F21CC0F3C7008C857C /* UIView+WebCacheOperation.m */ = {isa = PBXFileReference; fileEncoding = 4; lastKnownFileType = sourcecode.c.objc; path = "UIView+WebCacheOperation.m"; sourceTree = "<group>"; };
/* End PBXFileReference section */

/* Begin PBXFrameworksBuildPhase section */
		CB3357031CC0D919008C857C /* Frameworks */ = {
			isa = PBXFrameworksBuildPhase;
			buildActionMask = 2147483647;
			files = (
			);
			runOnlyForDeploymentPostprocessing = 0;
		};
		CB33571F1CC0D919008C857C /* Frameworks */ = {
			isa = PBXFrameworksBuildPhase;
			buildActionMask = 2147483647;
			files = (
			);
			runOnlyForDeploymentPostprocessing = 0;
		};
		CB33572A1CC0D919008C857C /* Frameworks */ = {
			isa = PBXFrameworksBuildPhase;
			buildActionMask = 2147483647;
			files = (
			);
			runOnlyForDeploymentPostprocessing = 0;
		};
/* End PBXFrameworksBuildPhase section */

/* Begin PBXGroup section */
		CB3356FD1CC0D919008C857C = {
			isa = PBXGroup;
			children = (
				CB3357081CC0D919008C857C /* LZDota2Lover */,
				CB3357251CC0D919008C857C /* LZDota2LoverTests */,
				CB3357301CC0D919008C857C /* LZDota2LoverUITests */,
				CB3357071CC0D919008C857C /* Products */,
			);
			sourceTree = "<group>";
		};
		CB3357071CC0D919008C857C /* Products */ = {
			isa = PBXGroup;
			children = (
				CB3357061CC0D919008C857C /* LZDota2Lover.app */,
				CB3357221CC0D919008C857C /* LZDota2LoverTests.xctest */,
				CB33572D1CC0D919008C857C /* LZDota2LoverUITests.xctest */,
			);
			name = Products;
			sourceTree = "<group>";
		};
		CB3357081CC0D919008C857C /* LZDota2Lover */ = {
			isa = PBXGroup;
			children = (
				CB33573F1CC0DB7A008C857C /* Classes */,
				CB3357571CC0DB7A008C857C /* Resources */,
				CB33575D1CC0DB7A008C857C /* Surpporting */,
			);
			path = LZDota2Lover;
			sourceTree = "<group>";
		};
		CB3357251CC0D919008C857C /* LZDota2LoverTests */ = {
			isa = PBXGroup;
			children = (
				CB3357261CC0D919008C857C /* LZDota2LoverTests.m */,
				CB3357281CC0D919008C857C /* Info.plist */,
			);
			path = LZDota2LoverTests;
			sourceTree = "<group>";
		};
		CB3357301CC0D919008C857C /* LZDota2LoverUITests */ = {
			isa = PBXGroup;
			children = (
				CB3357311CC0D919008C857C /* LZDota2LoverUITests.m */,
				CB3357331CC0D919008C857C /* Info.plist */,
			);
			path = LZDota2LoverUITests;
			sourceTree = "<group>";
		};
		CB33573F1CC0DB7A008C857C /* Classes */ = {
			isa = PBXGroup;
			children = (
				CB33576B1CC0F2E7008C857C /* ThirdParty */,
				CB3357531CC0DB7A008C857C /* Recommand */,
				CB3357401CC0DB7A008C857C /* Commentary */,
				CB3357481CC0DB7A008C857C /* Hero */,
				CB33574C1CC0DB7A008C857C /* Me */,
				CB3357501CC0DB7A008C857C /* Other */,
			);
			path = Classes;
			sourceTree = "<group>";
		};
		CB3357401CC0DB7A008C857C /* Commentary */ = {
			isa = PBXGroup;
			children = (
				CB3357411CC0DB7A008C857C /* Controller */,
				CB3357461CC0DB7A008C857C /* Model */,
				CB3357471CC0DB7A008C857C /* View */,
			);
			path = Commentary;
			sourceTree = "<group>";
		};
		CB3357411CC0DB7A008C857C /* Controller */ = {
			isa = PBXGroup;
			children = (
				CB3357421CC0DB7A008C857C /* FirstViewController.h */,
				CB3357431CC0DB7A008C857C /* FirstViewController.m */,
				CB3357441CC0DB7A008C857C /* SecondViewController.h */,
				CB3357451CC0DB7A008C857C /* SecondViewController.m */,
			);
			path = Controller;
			sourceTree = "<group>";
		};
		CB3357461CC0DB7A008C857C /* Model */ = {
			isa = PBXGroup;
			children = (
			);
			path = Model;
			sourceTree = "<group>";
		};
		CB3357471CC0DB7A008C857C /* View */ = {
			isa = PBXGroup;
			children = (
			);
			path = View;
			sourceTree = "<group>";
		};
		CB3357481CC0DB7A008C857C /* Hero */ = {
			isa = PBXGroup;
			children = (
				CB3357491CC0DB7A008C857C /* Controller */,
				CB33574A1CC0DB7A008C857C /* Model */,
				CB33574B1CC0DB7A008C857C /* View */,
			);
			path = Hero;
			sourceTree = "<group>";
		};
		CB3357491CC0DB7A008C857C /* Controller */ = {
			isa = PBXGroup;
			children = (
			);
			path = Controller;
			sourceTree = "<group>";
		};
		CB33574A1CC0DB7A008C857C /* Model */ = {
			isa = PBXGroup;
			children = (
			);
			path = Model;
			sourceTree = "<group>";
		};
		CB33574B1CC0DB7A008C857C /* View */ = {
			isa = PBXGroup;
			children = (
			);
			path = View;
			sourceTree = "<group>";
		};
		CB33574C1CC0DB7A008C857C /* Me */ = {
			isa = PBXGroup;
			children = (
				CB33574D1CC0DB7A008C857C /* Controller */,
				CB33574E1CC0DB7A008C857C /* Model */,
				CB33574F1CC0DB7A008C857C /* View */,
			);
			path = Me;
			sourceTree = "<group>";
		};
		CB33574D1CC0DB7A008C857C /* Controller */ = {
			isa = PBXGroup;
			children = (
			);
			path = Controller;
			sourceTree = "<group>";
		};
		CB33574E1CC0DB7A008C857C /* Model */ = {
			isa = PBXGroup;
			children = (
			);
			path = Model;
			sourceTree = "<group>";
		};
		CB33574F1CC0DB7A008C857C /* View */ = {
			isa = PBXGroup;
			children = (
			);
			path = View;
			sourceTree = "<group>";
		};
		CB3357501CC0DB7A008C857C /* Other */ = {
			isa = PBXGroup;
			children = (
				CB33576F1CC0F32E008C857C /* LZCommon.h */,
				CB33576C1CC0F30E008C857C /* UIView+LZFrame.h */,
				CB33576D1CC0F30E008C857C /* UIView+LZFrame.m */,
				CB3357511CC0DB7A008C857C /* AppDelegate.h */,
				CB3357521CC0DB7A008C857C /* AppDelegate.m */,
			);
			path = Other;
			sourceTree = "<group>";
		};
		CB3357531CC0DB7A008C857C /* Recommand */ = {
			isa = PBXGroup;
			children = (
				CB3357541CC0DB7A008C857C /* Controller */,
				CB3357551CC0DB7A008C857C /* Model */,
				CB3357561CC0DB7A008C857C /* View */,
			);
			path = Recommand;
			sourceTree = "<group>";
		};
		CB3357541CC0DB7A008C857C /* Controller */ = {
			isa = PBXGroup;
			children = (
				CB3357681CC0E38C008C857C /* LZRecommandTableViewController.h */,
				CB3357691CC0E38C008C857C /* LZRecommandTableViewController.m */,
			);
			path = Controller;
			sourceTree = "<group>";
		};
		CB3357551CC0DB7A008C857C /* Model */ = {
			isa = PBXGroup;
			children = (
			);
			path = Model;
			sourceTree = "<group>";
		};
		CB3357561CC0DB7A008C857C /* View */ = {
			isa = PBXGroup;
			children = (
			);
			path = View;
			sourceTree = "<group>";
		};
		CB3357571CC0DB7A008C857C /* Resources */ = {
			isa = PBXGroup;
			children = (
				CB3357581CC0DB7A008C857C /* Assets.xcassets */,
				CB3357591CC0DB7A008C857C /* LaunchScreen.storyboard */,
				CB33575B1CC0DB7A008C857C /* Main.storyboard */,
			);
			path = Resources;
			sourceTree = "<group>";
		};
		CB33575D1CC0DB7A008C857C /* Surpporting */ = {
			isa = PBXGroup;
			children = (
				CB33575E1CC0DB7A008C857C /* Info.plist */,
				CB33575F1CC0DB7A008C857C /* main.m */,
			);
			path = Surpporting;
			sourceTree = "<group>";
		};
		CB33576B1CC0F2E7008C857C /* ThirdParty */ = {
			isa = PBXGroup;
			children = (
				CB3357D11CC0F3C7008C857C /* SDWebImage */,
				CB3357C41CC0F3B9008C857C /* SVProgressHUD */,
				CB3357B01CC0F3AC008C857C /* AFNetworking */,
				CB3357701CC0F399008C857C /* MJRefresh */,
			);
			path = ThirdParty;
			sourceTree = "<group>";
		};
		CB3357701CC0F399008C857C /* MJRefresh */ = {
			isa = PBXGroup;
			children = (
				CB3357711CC0F399008C857C /* Base */,
				CB33577C1CC0F399008C857C /* Custom */,
				CB3357931CC0F399008C857C /* MJRefresh.bundle */,
				CB3357941CC0F399008C857C /* MJRefresh.h */,
				CB3357951CC0F399008C857C /* MJRefreshConst.h */,
				CB3357961CC0F399008C857C /* MJRefreshConst.m */,
				CB3357971CC0F399008C857C /* UIScrollView+MJExtension.h */,
				CB3357981CC0F399008C857C /* UIScrollView+MJExtension.m */,
				CB3357991CC0F399008C857C /* UIScrollView+MJRefresh.h */,
				CB33579A1CC0F399008C857C /* UIScrollView+MJRefresh.m */,
				CB33579B1CC0F399008C857C /* UIView+MJExtension.h */,
				CB33579C1CC0F399008C857C /* UIView+MJExtension.m */,
			);
			path = MJRefresh;
			sourceTree = "<group>";
		};
		CB3357711CC0F399008C857C /* Base */ = {
			isa = PBXGroup;
			children = (
				CB3357721CC0F399008C857C /* MJRefreshAutoFooter.h */,
				CB3357731CC0F399008C857C /* MJRefreshAutoFooter.m */,
				CB3357741CC0F399008C857C /* MJRefreshBackFooter.h */,
				CB3357751CC0F399008C857C /* MJRefreshBackFooter.m */,
				CB3357761CC0F399008C857C /* MJRefreshComponent.h */,
				CB3357771CC0F399008C857C /* MJRefreshComponent.m */,
				CB3357781CC0F399008C857C /* MJRefreshFooter.h */,
				CB3357791CC0F399008C857C /* MJRefreshFooter.m */,
				CB33577A1CC0F399008C857C /* MJRefreshHeader.h */,
				CB33577B1CC0F399008C857C /* MJRefreshHeader.m */,
			);
			path = Base;
			sourceTree = "<group>";
		};
		CB33577C1CC0F399008C857C /* Custom */ = {
			isa = PBXGroup;
			children = (
				CB33577D1CC0F399008C857C /* Footer */,
				CB33578C1CC0F399008C857C /* Header */,
			);
			path = Custom;
			sourceTree = "<group>";
		};
		CB33577D1CC0F399008C857C /* Footer */ = {
			isa = PBXGroup;
			children = (
				CB33577E1CC0F399008C857C /* Auto */,
				CB3357851CC0F399008C857C /* Back */,
			);
			path = Footer;
			sourceTree = "<group>";
		};
		CB33577E1CC0F399008C857C /* Auto */ = {
			isa = PBXGroup;
			children = (
				CB33577F1CC0F399008C857C /* MJRefreshAutoGifFooter.h */,
				CB3357801CC0F399008C857C /* MJRefreshAutoGifFooter.m */,
				CB3357811CC0F399008C857C /* MJRefreshAutoNormalFooter.h */,
				CB3357821CC0F399008C857C /* MJRefreshAutoNormalFooter.m */,
				CB3357831CC0F399008C857C /* MJRefreshAutoStateFooter.h */,
				CB3357841CC0F399008C857C /* MJRefreshAutoStateFooter.m */,
			);
			path = Auto;
			sourceTree = "<group>";
		};
		CB3357851CC0F399008C857C /* Back */ = {
			isa = PBXGroup;
			children = (
				CB3357861CC0F399008C857C /* MJRefreshBackGifFooter.h */,
				CB3357871CC0F399008C857C /* MJRefreshBackGifFooter.m */,
				CB3357881CC0F399008C857C /* MJRefreshBackNormalFooter.h */,
				CB3357891CC0F399008C857C /* MJRefreshBackNormalFooter.m */,
				CB33578A1CC0F399008C857C /* MJRefreshBackStateFooter.h */,
				CB33578B1CC0F399008C857C /* MJRefreshBackStateFooter.m */,
			);
			path = Back;
			sourceTree = "<group>";
		};
		CB33578C1CC0F399008C857C /* Header */ = {
			isa = PBXGroup;
			children = (
				CB33578D1CC0F399008C857C /* MJRefreshGifHeader.h */,
				CB33578E1CC0F399008C857C /* MJRefreshGifHeader.m */,
				CB33578F1CC0F399008C857C /* MJRefreshNormalHeader.h */,
				CB3357901CC0F399008C857C /* MJRefreshNormalHeader.m */,
				CB3357911CC0F399008C857C /* MJRefreshStateHeader.h */,
				CB3357921CC0F399008C857C /* MJRefreshStateHeader.m */,
			);
			path = Header;
			sourceTree = "<group>";
		};
		CB3357B01CC0F3AC008C857C /* AFNetworking */ = {
			isa = PBXGroup;
			children = (
				CB3357B11CC0F3AC008C857C /* AFHTTPSessionManager.h */,
				CB3357B21CC0F3AC008C857C /* AFHTTPSessionManager.m */,
				CB3357B31CC0F3AC008C857C /* AFNetworking.h */,
				CB3357B41CC0F3AC008C857C /* AFNetworkReachabilityManager.h */,
				CB3357B51CC0F3AC008C857C /* AFNetworkReachabilityManager.m */,
				CB3357B61CC0F3AC008C857C /* AFSecurityPolicy.h */,
				CB3357B71CC0F3AC008C857C /* AFSecurityPolicy.m */,
				CB3357B81CC0F3AC008C857C /* AFURLRequestSerialization.h */,
				CB3357B91CC0F3AC008C857C /* AFURLRequestSerialization.m */,
				CB3357BA1CC0F3AC008C857C /* AFURLResponseSerialization.h */,
				CB3357BB1CC0F3AC008C857C /* AFURLResponseSerialization.m */,
				CB3357BC1CC0F3AC008C857C /* AFURLSessionManager.h */,
				CB3357BD1CC0F3AC008C857C /* AFURLSessionManager.m */,
			);
			path = AFNetworking;
			sourceTree = "<group>";
		};
		CB3357C41CC0F3B9008C857C /* SVProgressHUD */ = {
			isa = PBXGroup;
			children = (
				CB3357C51CC0F3B9008C857C /* SVIndefiniteAnimatedView.h */,
				CB3357C61CC0F3B9008C857C /* SVIndefiniteAnimatedView.m */,
				CB3357C71CC0F3B9008C857C /* SVProgressHUD-Prefix.pch */,
				CB3357C81CC0F3B9008C857C /* SVProgressHUD.bundle */,
				CB3357C91CC0F3B9008C857C /* SVProgressHUD.h */,
				CB3357CA1CC0F3B9008C857C /* SVProgressHUD.m */,
				CB3357CB1CC0F3B9008C857C /* SVRadialGradientLayer.h */,
				CB3357CC1CC0F3B9008C857C /* SVRadialGradientLayer.m */,
			);
			path = SVProgressHUD;
			sourceTree = "<group>";
		};
		CB3357D11CC0F3C7008C857C /* SDWebImage */ = {
			isa = PBXGroup;
			children = (
				CB3357D21CC0F3C7008C857C /* MKAnnotationView+WebCache.h */,
				CB3357D31CC0F3C7008C857C /* MKAnnotationView+WebCache.m */,
				CB3357D41CC0F3C7008C857C /* NSData+ImageContentType.h */,
				CB3357D51CC0F3C7008C857C /* NSData+ImageContentType.m */,
				CB3357D61CC0F3C7008C857C /* SDImageCache.h */,
				CB3357D71CC0F3C7008C857C /* SDImageCache.m */,
				CB3357D81CC0F3C7008C857C /* SDWebImageCompat.h */,
				CB3357D91CC0F3C7008C857C /* SDWebImageCompat.m */,
				CB3357DA1CC0F3C7008C857C /* SDWebImageDecoder.h */,
				CB3357DB1CC0F3C7008C857C /* SDWebImageDecoder.m */,
				CB3357DC1CC0F3C7008C857C /* SDWebImageDownloader.h */,
				CB3357DD1CC0F3C7008C857C /* SDWebImageDownloader.m */,
				CB3357DE1CC0F3C7008C857C /* SDWebImageDownloaderOperation.h */,
				CB3357DF1CC0F3C7008C857C /* SDWebImageDownloaderOperation.m */,
				CB3357E01CC0F3C7008C857C /* SDWebImageManager.h */,
				CB3357E11CC0F3C7008C857C /* SDWebImageManager.m */,
				CB3357E21CC0F3C7008C857C /* SDWebImageOperation.h */,
				CB3357E31CC0F3C7008C857C /* SDWebImagePrefetcher.h */,
				CB3357E41CC0F3C7008C857C /* SDWebImagePrefetcher.m */,
				CB3357E51CC0F3C7008C857C /* UIButton+WebCache.h */,
				CB3357E61CC0F3C7008C857C /* UIButton+WebCache.m */,
				CB3357E71CC0F3C7008C857C /* UIImage+GIF.h */,
				CB3357E81CC0F3C7008C857C /* UIImage+GIF.m */,
				CB3357E91CC0F3C7008C857C /* UIImage+MultiFormat.h */,
				CB3357EA1CC0F3C7008C857C /* UIImage+MultiFormat.m */,
				CB3357EB1CC0F3C7008C857C /* UIImage+WebP.h */,
				CB3357EC1CC0F3C7008C857C /* UIImage+WebP.m */,
				CB3357ED1CC0F3C7008C857C /* UIImageView+HighlightedWebCache.h */,
				CB3357EE1CC0F3C7008C857C /* UIImageView+HighlightedWebCache.m */,
				CB3357EF1CC0F3C7008C857C /* UIImageView+WebCache.h */,
				CB3357F01CC0F3C7008C857C /* UIImageView+WebCache.m */,
				CB3357F11CC0F3C7008C857C /* UIView+WebCacheOperation.h */,
				CB3357F21CC0F3C7008C857C /* UIView+WebCacheOperation.m */,
			);
			path = SDWebImage;
			sourceTree = "<group>";
		};
/* End PBXGroup section */

/* Begin PBXNativeTarget section */
		CB3357051CC0D919008C857C /* LZDota2Lover */ = {
			isa = PBXNativeTarget;
			buildConfigurationList = CB3357361CC0D919008C857C /* Build configuration list for PBXNativeTarget "LZDota2Lover" */;
			buildPhases = (
				CB3357021CC0D919008C857C /* Sources */,
				CB3357031CC0D919008C857C /* Frameworks */,
				CB3357041CC0D919008C857C /* Resources */,
			);
			buildRules = (
			);
			dependencies = (
			);
			name = LZDota2Lover;
			productName = LZDota2Lover;
			productReference = CB3357061CC0D919008C857C /* LZDota2Lover.app */;
			productType = "com.apple.product-type.application";
		};
		CB3357211CC0D919008C857C /* LZDota2LoverTests */ = {
			isa = PBXNativeTarget;
			buildConfigurationList = CB3357391CC0D919008C857C /* Build configuration list for PBXNativeTarget "LZDota2LoverTests" */;
			buildPhases = (
				CB33571E1CC0D919008C857C /* Sources */,
				CB33571F1CC0D919008C857C /* Frameworks */,
				CB3357201CC0D919008C857C /* Resources */,
			);
			buildRules = (
			);
			dependencies = (
				CB3357241CC0D919008C857C /* PBXTargetDependency */,
			);
			name = LZDota2LoverTests;
			productName = LZDota2LoverTests;
			productReference = CB3357221CC0D919008C857C /* LZDota2LoverTests.xctest */;
			productType = "com.apple.product-type.bundle.unit-test";
		};
		CB33572C1CC0D919008C857C /* LZDota2LoverUITests */ = {
			isa = PBXNativeTarget;
			buildConfigurationList = CB33573C1CC0D919008C857C /* Build configuration list for PBXNativeTarget "LZDota2LoverUITests" */;
			buildPhases = (
				CB3357291CC0D919008C857C /* Sources */,
				CB33572A1CC0D919008C857C /* Frameworks */,
				CB33572B1CC0D919008C857C /* Resources */,
			);
			buildRules = (
			);
			dependencies = (
				CB33572F1CC0D919008C857C /* PBXTargetDependency */,
			);
			name = LZDota2LoverUITests;
			productName = LZDota2LoverUITests;
			productReference = CB33572D1CC0D919008C857C /* LZDota2LoverUITests.xctest */;
			productType = "com.apple.product-type.bundle.ui-testing";
		};
/* End PBXNativeTarget section */

/* Begin PBXProject section */
		CB3356FE1CC0D919008C857C /* Project object */ = {
			isa = PBXProject;
			attributes = {
				LastUpgradeCheck = 0720;
				ORGANIZATIONNAME = com.comst1314;
				TargetAttributes = {
					CB3357051CC0D919008C857C = {
						CreatedOnToolsVersion = 7.2;
					};
					CB3357211CC0D919008C857C = {
						CreatedOnToolsVersion = 7.2;
						TestTargetID = CB3357051CC0D919008C857C;
					};
					CB33572C1CC0D919008C857C = {
						CreatedOnToolsVersion = 7.2;
						TestTargetID = CB3357051CC0D919008C857C;
					};
				};
			};
			buildConfigurationList = CB3357011CC0D919008C857C /* Build configuration list for PBXProject "LZDota2Lover" */;
			compatibilityVersion = "Xcode 3.2";
			developmentRegion = English;
			hasScannedForEncodings = 0;
			knownRegions = (
				en,
				Base,
			);
			mainGroup = CB3356FD1CC0D919008C857C;
			productRefGroup = CB3357071CC0D919008C857C /* Products */;
			projectDirPath = "";
			projectRoot = "";
			targets = (
				CB3357051CC0D919008C857C /* LZDota2Lover */,
				CB3357211CC0D919008C857C /* LZDota2LoverTests */,
				CB33572C1CC0D919008C857C /* LZDota2LoverUITests */,
			);
		};
/* End PBXProject section */

/* Begin PBXResourcesBuildPhase section */
		CB3357041CC0D919008C857C /* Resources */ = {
			isa = PBXResourcesBuildPhase;
			buildActionMask = 2147483647;
			files = (
				CB3357661CC0DB7A008C857C /* Info.plist in Resources */,
				CB3357CE1CC0F3B9008C857C /* SVProgressHUD.bundle in Resources */,
				CB3357651CC0DB7A008C857C /* Main.storyboard in Resources */,
				CB3357631CC0DB7A008C857C /* Assets.xcassets in Resources */,
				CB3357AB1CC0F399008C857C /* MJRefresh.bundle in Resources */,
				CB3357641CC0DB7A008C857C /* LaunchScreen.storyboard in Resources */,
			);
			runOnlyForDeploymentPostprocessing = 0;
		};
		CB3357201CC0D919008C857C /* Resources */ = {
			isa = PBXResourcesBuildPhase;
			buildActionMask = 2147483647;
			files = (
			);
			runOnlyForDeploymentPostprocessing = 0;
		};
		CB33572B1CC0D919008C857C /* Resources */ = {
			isa = PBXResourcesBuildPhase;
			buildActionMask = 2147483647;
			files = (
			);
			runOnlyForDeploymentPostprocessing = 0;
		};
/* End PBXResourcesBuildPhase section */

/* Begin PBXSourcesBuildPhase section */
		CB3357021CC0D919008C857C /* Sources */ = {
			isa = PBXSourcesBuildPhase;
			buildActionMask = 2147483647;
			files = (
				CB3357611CC0DB7A008C857C /* SecondViewController.m in Sources */,
				CB33579D1CC0F399008C857C /* MJRefreshAutoFooter.m in Sources */,
				CB3357A41CC0F399008C857C /* MJRefreshAutoStateFooter.m in Sources */,
				CB3357FA1CC0F3C7008C857C /* SDWebImageManager.m in Sources */,
				CB3357A71CC0F399008C857C /* MJRefreshBackStateFooter.m in Sources */,
				CB3357601CC0DB7A008C857C /* FirstViewController.m in Sources */,
				CB3357AA1CC0F399008C857C /* MJRefreshStateHeader.m in Sources */,
				CB3357FE1CC0F3C7008C857C /* UIImage+MultiFormat.m in Sources */,
				CB33576E1CC0F30E008C857C /* UIView+LZFrame.m in Sources */,
				CB3357F81CC0F3C7008C857C /* SDWebImageDownloader.m in Sources */,
				CB3357AF1CC0F399008C857C /* UIView+MJExtension.m in Sources */,
				CB3357FF1CC0F3C7008C857C /* UIImage+WebP.m in Sources */,
				CB3357A81CC0F399008C857C /* MJRefreshGifHeader.m in Sources */,
				CB3357CF1CC0F3B9008C857C /* SVProgressHUD.m in Sources */,
				CB3357D01CC0F3B9008C857C /* SVRadialGradientLayer.m in Sources */,
				CB3357AD1CC0F399008C857C /* UIScrollView+MJExtension.m in Sources */,
				CB3358001CC0F3C7008C857C /* UIImageView+HighlightedWebCache.m in Sources */,
				CB3357F71CC0F3C7008C857C /* SDWebImageDecoder.m in Sources */,
				CB3357FB1CC0F3C7008C857C /* SDWebImagePrefetcher.m in Sources */,
				CB3357C01CC0F3AC008C857C /* AFSecurityPolicy.m in Sources */,
				CB3357CD1CC0F3B9008C857C /* SVIndefiniteAnimatedView.m in Sources */,
				CB3357A61CC0F399008C857C /* MJRefreshBackNormalFooter.m in Sources */,
				CB33576A1CC0E38C008C857C /* LZRecommandTableViewController.m in Sources */,
				CB3357BE1CC0F3AC008C857C /* AFHTTPSessionManager.m in Sources */,
				CB33579F1CC0F399008C857C /* MJRefreshComponent.m in Sources */,
				CB3357FD1CC0F3C7008C857C /* UIImage+GIF.m in Sources */,
				CB3358011CC0F3C7008C857C /* UIImageView+WebCache.m in Sources */,
				CB3357C31CC0F3AC008C857C /* AFURLSessionManager.m in Sources */,
				CB3357F51CC0F3C7008C857C /* SDImageCache.m in Sources */,
				CB3357BF1CC0F3AC008C857C /* AFNetworkReachabilityManager.m in Sources */,
				CB3357A31CC0F399008C857C /* MJRefreshAutoNormalFooter.m in Sources */,
				CB3357671CC0DB7A008C857C /* main.m in Sources */,
				CB3357A21CC0F399008C857C /* MJRefreshAutoGifFooter.m in Sources */,
				CB3357F91CC0F3C7008C857C /* SDWebImageDownloaderOperation.m in Sources */,
				CB3357C21CC0F3AC008C857C /* AFURLResponseSerialization.m in Sources */,
				CB3357C11CC0F3AC008C857C /* AFURLRequestSerialization.m in Sources */,
				CB3357F61CC0F3C7008C857C /* SDWebImageCompat.m in Sources */,
				CB3357F41CC0F3C7008C857C /* NSData+ImageContentType.m in Sources */,
				CB33579E1CC0F399008C857C /* MJRefreshBackFooter.m in Sources */,
				CB3357621CC0DB7A008C857C /* AppDelegate.m in Sources */,
				CB3357A01CC0F399008C857C /* MJRefreshFooter.m in Sources */,
				CB3357FC1CC0F3C7008C857C /* UIButton+WebCache.m in Sources */,
				CB3357AE1CC0F399008C857C /* UIScrollView+MJRefresh.m in Sources */,
				CB3357AC1CC0F399008C857C /* MJRefreshConst.m in Sources */,
				CB3357A51CC0F399008C857C /* MJRefreshBackGifFooter.m in Sources */,
				CB3358021CC0F3C7008C857C /* UIView+WebCacheOperation.m in Sources */,
				CB3357F31CC0F3C7008C857C /* MKAnnotationView+WebCache.m in Sources */,
				CB3357A11CC0F399008C857C /* MJRefreshHeader.m in Sources */,
				CB3357A91CC0F399008C857C /* MJRefreshNormalHeader.m in Sources */,
			);
			runOnlyForDeploymentPostprocessing = 0;
		};
		CB33571E1CC0D919008C857C /* Sources */ = {
			isa = PBXSourcesBuildPhase;
			buildActionMask = 2147483647;
			files = (
				CB3357271CC0D919008C857C /* LZDota2LoverTests.m in Sources */,
			);
			runOnlyForDeploymentPostprocessing = 0;
		};
		CB3357291CC0D919008C857C /* Sources */ = {
			isa = PBXSourcesBuildPhase;
			buildActionMask = 2147483647;
			files = (
				CB3357321CC0D919008C857C /* LZDota2LoverUITests.m in Sources */,
			);
			runOnlyForDeploymentPostprocessing = 0;
		};
/* End PBXSourcesBuildPhase section */

/* Begin PBXTargetDependency section */
		CB3357241CC0D919008C857C /* PBXTargetDependency */ = {
			isa = PBXTargetDependency;
			target = CB3357051CC0D919008C857C /* LZDota2Lover */;
			targetProxy = CB3357231CC0D919008C857C /* PBXContainerItemProxy */;
		};
		CB33572F1CC0D919008C857C /* PBXTargetDependency */ = {
			isa = PBXTargetDependency;
			target = CB3357051CC0D919008C857C /* LZDota2Lover */;
			targetProxy = CB33572E1CC0D919008C857C /* PBXContainerItemProxy */;
		};
/* End PBXTargetDependency section */

/* Begin PBXVariantGroup section */
		CB3357591CC0DB7A008C857C /* LaunchScreen.storyboard */ = {
			isa = PBXVariantGroup;
			children = (
				CB33575A1CC0DB7A008C857C /* Base */,
			);
			name = LaunchScreen.storyboard;
			sourceTree = "<group>";
		};
		CB33575B1CC0DB7A008C857C /* Main.storyboard */ = {
			isa = PBXVariantGroup;
			children = (
				CB33575C1CC0DB7A008C857C /* Base */,
			);
			name = Main.storyboard;
			sourceTree = "<group>";
		};
/* End PBXVariantGroup section */

/* Begin XCBuildConfiguration section */
		CB3357341CC0D919008C857C /* Debug */ = {
			isa = XCBuildConfiguration;
			buildSettings = {
				ALWAYS_SEARCH_USER_PATHS = NO;
				CLANG_CXX_LANGUAGE_STANDARD = "gnu++0x";
				CLANG_CXX_LIBRARY = "libc++";
				CLANG_ENABLE_MODULES = YES;
				CLANG_ENABLE_OBJC_ARC = YES;
				CLANG_WARN_BOOL_CONVERSION = YES;
				CLANG_WARN_CONSTANT_CONVERSION = YES;
				CLANG_WARN_DIRECT_OBJC_ISA_USAGE = YES_ERROR;
				CLANG_WARN_EMPTY_BODY = YES;
				CLANG_WARN_ENUM_CONVERSION = YES;
				CLANG_WARN_INT_CONVERSION = YES;
				CLANG_WARN_OBJC_ROOT_CLASS = YES_ERROR;
				CLANG_WARN_UNREACHABLE_CODE = YES;
				CLANG_WARN__DUPLICATE_METHOD_MATCH = YES;
				"CODE_SIGN_IDENTITY[sdk=iphoneos*]" = "iPhone Developer";
				COPY_PHASE_STRIP = NO;
				DEBUG_INFORMATION_FORMAT = dwarf;
				ENABLE_STRICT_OBJC_MSGSEND = YES;
				ENABLE_TESTABILITY = YES;
				GCC_C_LANGUAGE_STANDARD = gnu99;
				GCC_DYNAMIC_NO_PIC = NO;
				GCC_NO_COMMON_BLOCKS = YES;
				GCC_OPTIMIZATION_LEVEL = 0;
				GCC_PREPROCESSOR_DEFINITIONS = (
					"DEBUG=1",
					"$(inherited)",
				);
				GCC_WARN_64_TO_32_BIT_CONVERSION = YES;
				GCC_WARN_ABOUT_RETURN_TYPE = YES_ERROR;
				GCC_WARN_UNDECLARED_SELECTOR = YES;
				GCC_WARN_UNINITIALIZED_AUTOS = YES_AGGRESSIVE;
				GCC_WARN_UNUSED_FUNCTION = YES;
				GCC_WARN_UNUSED_VARIABLE = YES;
				IPHONEOS_DEPLOYMENT_TARGET = 9.2;
				MTL_ENABLE_DEBUG_INFO = YES;
				ONLY_ACTIVE_ARCH = YES;
				SDKROOT = iphoneos;
			};
			name = Debug;
		};
		CB3357351CC0D919008C857C /* Release */ = {
			isa = XCBuildConfiguration;
			buildSettings = {
				ALWAYS_SEARCH_USER_PATHS = NO;
				CLANG_CXX_LANGUAGE_STANDARD = "gnu++0x";
				CLANG_CXX_LIBRARY = "libc++";
				CLANG_ENABLE_MODULES = YES;
				CLANG_ENABLE_OBJC_ARC = YES;
				CLANG_WARN_BOOL_CONVERSION = YES;
				CLANG_WARN_CONSTANT_CONVERSION = YES;
				CLANG_WARN_DIRECT_OBJC_ISA_USAGE = YES_ERROR;
				CLANG_WARN_EMPTY_BODY = YES;
				CLANG_WARN_ENUM_CONVERSION = YES;
				CLANG_WARN_INT_CONVERSION = YES;
				CLANG_WARN_OBJC_ROOT_CLASS = YES_ERROR;
				CLANG_WARN_UNREACHABLE_CODE = YES;
				CLANG_WARN__DUPLICATE_METHOD_MATCH = YES;
				"CODE_SIGN_IDENTITY[sdk=iphoneos*]" = "iPhone Developer";
				COPY_PHASE_STRIP = NO;
				DEBUG_INFORMATION_FORMAT = "dwarf-with-dsym";
				ENABLE_NS_ASSERTIONS = NO;
				ENABLE_STRICT_OBJC_MSGSEND = YES;
				GCC_C_LANGUAGE_STANDARD = gnu99;
				GCC_NO_COMMON_BLOCKS = YES;
				GCC_WARN_64_TO_32_BIT_CONVERSION = YES;
				GCC_WARN_ABOUT_RETURN_TYPE = YES_ERROR;
				GCC_WARN_UNDECLARED_SELECTOR = YES;
				GCC_WARN_UNINITIALIZED_AUTOS = YES_AGGRESSIVE;
				GCC_WARN_UNUSED_FUNCTION = YES;
				GCC_WARN_UNUSED_VARIABLE = YES;
				IPHONEOS_DEPLOYMENT_TARGET = 9.2;
				MTL_ENABLE_DEBUG_INFO = NO;
				SDKROOT = iphoneos;
				VALIDATE_PRODUCT = YES;
			};
			name = Release;
		};
		CB3357371CC0D919008C857C /* Debug */ = {
			isa = XCBuildConfiguration;
			buildSettings = {
				ASSETCATALOG_COMPILER_APPICON_NAME = AppIcon;
				INFOPLIST_FILE = LZDota2Lover/Surpporting/Info.plist;
				IPHONEOS_DEPLOYMENT_TARGET = 9.2;
				LD_RUNPATH_SEARCH_PATHS = "$(inherited) @executable_path/Frameworks";
				PRODUCT_BUNDLE_IDENTIFIER = com.comst1314.LZDota2Lover;
				PRODUCT_NAME = "$(TARGET_NAME)";
			};
			name = Debug;
		};
		CB3357381CC0D919008C857C /* Release */ = {
			isa = XCBuildConfiguration;
			buildSettings = {
				ASSETCATALOG_COMPILER_APPICON_NAME = AppIcon;
				INFOPLIST_FILE = LZDota2Lover/Surpporting/Info.plist;
				IPHONEOS_DEPLOYMENT_TARGET = 9.2;
				LD_RUNPATH_SEARCH_PATHS = "$(inherited) @executable_path/Frameworks";
				PRODUCT_BUNDLE_IDENTIFIER = com.comst1314.LZDota2Lover;
				PRODUCT_NAME = "$(TARGET_NAME)";
			};
			name = Release;
		};
		CB33573A1CC0D919008C857C /* Debug */ = {
			isa = XCBuildConfiguration;
			buildSettings = {
				BUNDLE_LOADER = "$(TEST_HOST)";
				INFOPLIST_FILE = LZDota2LoverTests/Info.plist;
				LD_RUNPATH_SEARCH_PATHS = "$(inherited) @executable_path/Frameworks @loader_path/Frameworks";
				PRODUCT_BUNDLE_IDENTIFIER = com.comst1314.LZDota2LoverTests;
				PRODUCT_NAME = "$(TARGET_NAME)";
				TEST_HOST = "$(BUILT_PRODUCTS_DIR)/LZDota2Lover.app/LZDota2Lover";
			};
			name = Debug;
		};
		CB33573B1CC0D919008C857C /* Release */ = {
			isa = XCBuildConfiguration;
			buildSettings = {
				BUNDLE_LOADER = "$(TEST_HOST)";
				INFOPLIST_FILE = LZDota2LoverTests/Info.plist;
				LD_RUNPATH_SEARCH_PATHS = "$(inherited) @executable_path/Frameworks @loader_path/Frameworks";
				PRODUCT_BUNDLE_IDENTIFIER = com.comst1314.LZDota2LoverTests;
				PRODUCT_NAME = "$(TARGET_NAME)";
				TEST_HOST = "$(BUILT_PRODUCTS_DIR)/LZDota2Lover.app/LZDota2Lover";
			};
			name = Release;
		};
		CB33573D1CC0D919008C857C /* Debug */ = {
			isa = XCBuildConfiguration;
			buildSettings = {
				INFOPLIST_FILE = LZDota2LoverUITests/Info.plist;
				LD_RUNPATH_SEARCH_PATHS = "$(inherited) @executable_path/Frameworks @loader_path/Frameworks";
				PRODUCT_BUNDLE_IDENTIFIER = com.comst1314.LZDota2LoverUITests;
				PRODUCT_NAME = "$(TARGET_NAME)";
				TEST_TARGET_NAME = LZDota2Lover;
				USES_XCTRUNNER = YES;
			};
			name = Debug;
		};
		CB33573E1CC0D919008C857C /* Release */ = {
			isa = XCBuildConfiguration;
			buildSettings = {
				INFOPLIST_FILE = LZDota2LoverUITests/Info.plist;
				LD_RUNPATH_SEARCH_PATHS = "$(inherited) @executable_path/Frameworks @loader_path/Frameworks";
				PRODUCT_BUNDLE_IDENTIFIER = com.comst1314.LZDota2LoverUITests;
				PRODUCT_NAME = "$(TARGET_NAME)";
				TEST_TARGET_NAME = LZDota2Lover;
				USES_XCTRUNNER = YES;
			};
			name = Release;
		};
/* End XCBuildConfiguration section */

/* Begin XCConfigurationList section */
		CB3357011CC0D919008C857C /* Build configuration list for PBXProject "LZDota2Lover" */ = {
			isa = XCConfigurationList;
			buildConfigurations = (
				CB3357341CC0D919008C857C /* Debug */,
				CB3357351CC0D919008C857C /* Release */,
			);
			defaultConfigurationIsVisible = 0;
			defaultConfigurationName = Release;
		};
		CB3357361CC0D919008C857C /* Build configuration list for PBXNativeTarget "LZDota2Lover" */ = {
			isa = XCConfigurationList;
			buildConfigurations = (
				CB3357371CC0D919008C857C /* Debug */,
				CB3357381CC0D919008C857C /* Release */,
			);
			defaultConfigurationIsVisible = 0;
		};
		CB3357391CC0D919008C857C /* Build configuration list for PBXNativeTarget "LZDota2LoverTests" */ = {
			isa = XCConfigurationList;
			buildConfigurations = (
				CB33573A1CC0D919008C857C /* Debug */,
				CB33573B1CC0D919008C857C /* Release */,
			);
			defaultConfigurationIsVisible = 0;
		};
		CB33573C1CC0D919008C857C /* Build configuration list for PBXNativeTarget "LZDota2LoverUITests" */ = {
			isa = XCConfigurationList;
			buildConfigurations = (
				CB33573D1CC0D919008C857C /* Debug */,
				CB33573E1CC0D919008C857C /* Release */,
			);
			defaultConfigurationIsVisible = 0;
		};
/* End XCConfigurationList section */
	};
	rootObject = CB3356FE1CC0D919008C857C /* Project object */;
}
